// !$*UTF8*$!
{
	archiveVersion = 1;
	classes = {
	};
	objectVersion = 56;
	objects = {

/* Begin PBXBuildFile section */
		960323352C6E5A63003A23FB /* RootTabbarView.swift in Sources */ = {isa = PBXBuildFile; fileRef = 960323342C6E5A63003A23FB /* RootTabbarView.swift */; };
		96044D6E2C4CA96B001D256C /* ColorPalette.swift in Sources */ = {isa = PBXBuildFile; fileRef = 96044D6D2C4CA96B001D256C /* ColorPalette.swift */; };
		96044D712C4D9ABC001D256C /* Localizable.xcstrings in Resources */ = {isa = PBXBuildFile; fileRef = 96044D702C4D9ABC001D256C /* Localizable.xcstrings */; };
		96044D742C4E3C73001D256C /* router.swift in Sources */ = {isa = PBXBuildFile; fileRef = 96044D732C4E3C73001D256C /* router.swift */; };
		96044D762C4E3C7D001D256C /* route.swift in Sources */ = {isa = PBXBuildFile; fileRef = 96044D752C4E3C7D001D256C /* route.swift */; };
		960677132C0B023500B2204A /* LaunchScreenView.swift in Sources */ = {isa = PBXBuildFile; fileRef = 960677122C0B023500B2204A /* LaunchScreenView.swift */; };
		960677172C0B0F9A00B2204A /* ViewExtension.swift in Sources */ = {isa = PBXBuildFile; fileRef = 960677162C0B0F9A00B2204A /* ViewExtension.swift */; };
		960677192C0B191900B2204A /* LaunchScreen.storyboard in Resources */ = {isa = PBXBuildFile; fileRef = 960677182C0B191900B2204A /* LaunchScreen.storyboard */; };
		960BF72E2BD59D8D00407C13 /* dev_ex_iosApp.swift in Sources */ = {isa = PBXBuildFile; fileRef = 960BF72D2BD59D8D00407C13 /* dev_ex_iosApp.swift */; };
		960BF7342BD59D8F00407C13 /* Assets.xcassets in Resources */ = {isa = PBXBuildFile; fileRef = 960BF7332BD59D8F00407C13 /* Assets.xcassets */; };
		960BF7372BD59D8F00407C13 /* Preview Assets.xcassets in Resources */ = {isa = PBXBuildFile; fileRef = 960BF7362BD59D8F00407C13 /* Preview Assets.xcassets */; };
		960BF7412BD59D8F00407C13 /* dev_ex_iosTests.swift in Sources */ = {isa = PBXBuildFile; fileRef = 960BF7402BD59D8F00407C13 /* dev_ex_iosTests.swift */; };
		960BF74B2BD59D8F00407C13 /* dev_ex_iosUITests.swift in Sources */ = {isa = PBXBuildFile; fileRef = 960BF74A2BD59D8F00407C13 /* dev_ex_iosUITests.swift */; };
		960BF74D2BD59D8F00407C13 /* dev_ex_iosUITestsLaunchTests.swift in Sources */ = {isa = PBXBuildFile; fileRef = 960BF74C2BD59D8F00407C13 /* dev_ex_iosUITestsLaunchTests.swift */; };
		9611CF2B2C8F6A9B00A3C637 /* ArticleCardView.swift in Sources */ = {isa = PBXBuildFile; fileRef = 9611CF2A2C8F6A9B00A3C637 /* ArticleCardView.swift */; };
		9611CF2D2C8F6AA600A3C637 /* CourseCardView.swift in Sources */ = {isa = PBXBuildFile; fileRef = 9611CF2C2C8F6AA600A3C637 /* CourseCardView.swift */; };
		9611CF2F2C8F6CD900A3C637 /* ArticleModel.swift in Sources */ = {isa = PBXBuildFile; fileRef = 9611CF2E2C8F6CD900A3C637 /* ArticleModel.swift */; };
		9611CF312C8F6CE300A3C637 /* CourseModel.swift in Sources */ = {isa = PBXBuildFile; fileRef = 9611CF302C8F6CE300A3C637 /* CourseModel.swift */; };
		9611CF332C8F6ECF00A3C637 /* EngagementModel.swift in Sources */ = {isa = PBXBuildFile; fileRef = 9611CF322C8F6ECF00A3C637 /* EngagementModel.swift */; };
		9611CF352C8F779D00A3C637 /* ProductPriceModel.swift in Sources */ = {isa = PBXBuildFile; fileRef = 9611CF342C8F779D00A3C637 /* ProductPriceModel.swift */; };
		9611CF372C8F7FB600A3C637 /* PageModel.swift in Sources */ = {isa = PBXBuildFile; fileRef = 9611CF362C8F7FB600A3C637 /* PageModel.swift */; };
		96287DF72C94A2ED008FF0FA /* ArticleSectionView.swift in Sources */ = {isa = PBXBuildFile; fileRef = 96287DF62C94A2ED008FF0FA /* ArticleSectionView.swift */; };
		96287DFA2C94AEDB008FF0FA /* ArticleSectionPresenter.swift in Sources */ = {isa = PBXBuildFile; fileRef = 96287DF92C94AEDB008FF0FA /* ArticleSectionPresenter.swift */; };
		96287DFC2C94AEEA008FF0FA /* ArticleSectionInteractor.swift in Sources */ = {isa = PBXBuildFile; fileRef = 96287DFB2C94AEEA008FF0FA /* ArticleSectionInteractor.swift */; };
		96287DFF2C94CB95008FF0FA /* ArticleRepository.swift in Sources */ = {isa = PBXBuildFile; fileRef = 96287DFE2C94CB95008FF0FA /* ArticleRepository.swift */; };
		96287E012C94CBA2008FF0FA /* CourseRepository.swift in Sources */ = {isa = PBXBuildFile; fileRef = 96287E002C94CBA2008FF0FA /* CourseRepository.swift */; };
		96287E032C95AD89008FF0FA /* CourseSectionView.swift in Sources */ = {isa = PBXBuildFile; fileRef = 96287E022C95AD89008FF0FA /* CourseSectionView.swift */; };
		96287E052C95AD92008FF0FA /* CourseSectionPresenter.swift in Sources */ = {isa = PBXBuildFile; fileRef = 96287E042C95AD92008FF0FA /* CourseSectionPresenter.swift */; };
		96287E072C95AD9C008FF0FA /* CourseSectionInteractor.swift in Sources */ = {isa = PBXBuildFile; fileRef = 96287E062C95AD9C008FF0FA /* CourseSectionInteractor.swift */; };
		963BC2EC2C6115D40096A1B6 /* UIScreenExtension.swift in Sources */ = {isa = PBXBuildFile; fileRef = 963BC2EB2C6115D40096A1B6 /* UIScreenExtension.swift */; };
		963BC2F02C6122440096A1B6 /* RootView.swift in Sources */ = {isa = PBXBuildFile; fileRef = 963BC2EF2C6122440096A1B6 /* RootView.swift */; };
		96426F972C7F8CBD0000CBE1 /* Swinject in Frameworks */ = {isa = PBXBuildFile; productRef = 96426F962C7F8CBD0000CBE1 /* Swinject */; };
		96426F9B2C80F86D0000CBE1 /* DIContainer.swift in Sources */ = {isa = PBXBuildFile; fileRef = 96426F9A2C80F86D0000CBE1 /* DIContainer.swift */; };
		965264952BF0DC0400C002CB /* image.xcassets in Resources */ = {isa = PBXBuildFile; fileRef = 965264942BF0DC0400C002CB /* image.xcassets */; };
		966F928F2C8E01FE00146277 /* ScreenLayoutRepository.swift in Sources */ = {isa = PBXBuildFile; fileRef = 966F928E2C8E01FE00146277 /* ScreenLayoutRepository.swift */; };
		966F92912C8E028800146277 /* ApiManager.swift in Sources */ = {isa = PBXBuildFile; fileRef = 966F92902C8E028800146277 /* ApiManager.swift */; };
		966F92942C8E06A700146277 /* ApiBaseModel.swift in Sources */ = {isa = PBXBuildFile; fileRef = 966F92932C8E06A700146277 /* ApiBaseModel.swift */; };
		966F92962C8E075F00146277 /* ScreenLayoutModel.swift in Sources */ = {isa = PBXBuildFile; fileRef = 966F92952C8E075F00146277 /* ScreenLayoutModel.swift */; };
		966F92982C8E080700146277 /* ScreenSectionModel.swift in Sources */ = {isa = PBXBuildFile; fileRef = 966F92972C8E080700146277 /* ScreenSectionModel.swift */; };
		966F929B2C8E1FE800146277 /* ScreenSectionItemModel.swift in Sources */ = {isa = PBXBuildFile; fileRef = 966F929A2C8E1FE800146277 /* ScreenSectionItemModel.swift */; };
		968307862C57916100970ABF /* NavBarView.swift in Sources */ = {isa = PBXBuildFile; fileRef = 968307852C57916100970ABF /* NavBarView.swift */; };
		96900C202C8B74E300C0CAB6 /* SearchView.swift in Sources */ = {isa = PBXBuildFile; fileRef = 96900C1F2C8B74E300C0CAB6 /* SearchView.swift */; };
		96900C222C8B75B400C0CAB6 /* RootPresenter.swift in Sources */ = {isa = PBXBuildFile; fileRef = 96900C212C8B75B400C0CAB6 /* RootPresenter.swift */; };
		96900C252C8B782500C0CAB6 /* RootInteractor.swift in Sources */ = {isa = PBXBuildFile; fileRef = 96900C242C8B782500C0CAB6 /* RootInteractor.swift */; };
		96900C272C8B7A0600C0CAB6 /* SearchPresenter.swift in Sources */ = {isa = PBXBuildFile; fileRef = 96900C262C8B7A0600C0CAB6 /* SearchPresenter.swift */; };
		96900C292C8B7A1000C0CAB6 /* SearchInteractor.swift in Sources */ = {isa = PBXBuildFile; fileRef = 96900C282C8B7A1000C0CAB6 /* SearchInteractor.swift */; };
		96900C2B2C8B7A2000C0CAB6 /* UserLibraryView.swift in Sources */ = {isa = PBXBuildFile; fileRef = 96900C2A2C8B7A2000C0CAB6 /* UserLibraryView.swift */; };
		96900C2D2C8B7A3300C0CAB6 /* UserLibraryPresenter.swift in Sources */ = {isa = PBXBuildFile; fileRef = 96900C2C2C8B7A3300C0CAB6 /* UserLibraryPresenter.swift */; };
		96900C2F2C8B7A4800C0CAB6 /* UserLibraryInteractor.swift in Sources */ = {isa = PBXBuildFile; fileRef = 96900C2E2C8B7A4800C0CAB6 /* UserLibraryInteractor.swift */; };
		96900C312C8C0B2600C0CAB6 /* NotificationView.swift in Sources */ = {isa = PBXBuildFile; fileRef = 96900C302C8C0B2600C0CAB6 /* NotificationView.swift */; };
		96900C332C8C0B3700C0CAB6 /* NotificationPresenter.swift in Sources */ = {isa = PBXBuildFile; fileRef = 96900C322C8C0B3700C0CAB6 /* NotificationPresenter.swift */; };
		96900C352C8C0B4500C0CAB6 /* NotificationInteractor.swift in Sources */ = {isa = PBXBuildFile; fileRef = 96900C342C8C0B4500C0CAB6 /* NotificationInteractor.swift */; };
		96900C3B2C8C452A00C0CAB6 /* ProfileView.swift in Sources */ = {isa = PBXBuildFile; fileRef = 96900C3A2C8C452A00C0CAB6 /* ProfileView.swift */; };
		96900C3D2C8C454500C0CAB6 /* ProfilePresenter.swift in Sources */ = {isa = PBXBuildFile; fileRef = 96900C3C2C8C454500C0CAB6 /* ProfilePresenter.swift */; };
		96900C3F2C8C455600C0CAB6 /* ProfileInteractor.swift in Sources */ = {isa = PBXBuildFile; fileRef = 96900C3E2C8C455600C0CAB6 /* ProfileInteractor.swift */; };
		96900C412C8C456F00C0CAB6 /* AuthorProfileView.swift in Sources */ = {isa = PBXBuildFile; fileRef = 96900C402C8C456F00C0CAB6 /* AuthorProfileView.swift */; };
		96900C432C8C458400C0CAB6 /* AuthorProfilePresenter.swift in Sources */ = {isa = PBXBuildFile; fileRef = 96900C422C8C458400C0CAB6 /* AuthorProfilePresenter.swift */; };
		96900C452C8C459700C0CAB6 /* AuthorProfileInteractor.swift in Sources */ = {isa = PBXBuildFile; fileRef = 96900C442C8C459700C0CAB6 /* AuthorProfileInteractor.swift */; };
		96900C472C8C45BB00C0CAB6 /* ArticleView.swift in Sources */ = {isa = PBXBuildFile; fileRef = 96900C462C8C45BB00C0CAB6 /* ArticleView.swift */; };
		96900C492C8C460B00C0CAB6 /* ArticlePresenter.swift in Sources */ = {isa = PBXBuildFile; fileRef = 96900C482C8C460B00C0CAB6 /* ArticlePresenter.swift */; };
		96900C4B2C8C461C00C0CAB6 /* ArticleInteractor.swift in Sources */ = {isa = PBXBuildFile; fileRef = 96900C4A2C8C461C00C0CAB6 /* ArticleInteractor.swift */; };
		96900C4D2C8C462700C0CAB6 /* CourseView.swift in Sources */ = {isa = PBXBuildFile; fileRef = 96900C4C2C8C462700C0CAB6 /* CourseView.swift */; };
		96900C4F2C8C463300C0CAB6 /* CoursePresenter.swift in Sources */ = {isa = PBXBuildFile; fileRef = 96900C4E2C8C463300C0CAB6 /* CoursePresenter.swift */; };
		96900C512C8C463E00C0CAB6 /* CourseInteractor.swift in Sources */ = {isa = PBXBuildFile; fileRef = 96900C502C8C463E00C0CAB6 /* CourseInteractor.swift */; };
		96900C552C8C4A7A00C0CAB6 /* SettingView.swift in Sources */ = {isa = PBXBuildFile; fileRef = 96900C542C8C4A7A00C0CAB6 /* SettingView.swift */; };
		96900C572C8C4C1800C0CAB6 /* SettingPresenter.swift in Sources */ = {isa = PBXBuildFile; fileRef = 96900C562C8C4C1800C0CAB6 /* SettingPresenter.swift */; };
		96900C592C8C4C2500C0CAB6 /* SettingInteractor.swift in Sources */ = {isa = PBXBuildFile; fileRef = 96900C582C8C4C2500C0CAB6 /* SettingInteractor.swift */; };
		96900C5B2C8C4C7600C0CAB6 /* ThemeSettingView.swift in Sources */ = {isa = PBXBuildFile; fileRef = 96900C5A2C8C4C7600C0CAB6 /* ThemeSettingView.swift */; };
		96900C5D2C8C4C9000C0CAB6 /* ThemeSettingPresenter.swift in Sources */ = {isa = PBXBuildFile; fileRef = 96900C5C2C8C4C9000C0CAB6 /* ThemeSettingPresenter.swift */; };
		96900C5F2C8C4C9D00C0CAB6 /* ThemeSettingInteractor.swift in Sources */ = {isa = PBXBuildFile; fileRef = 96900C5E2C8C4C9D00C0CAB6 /* ThemeSettingInteractor.swift */; };
		969353E32C5635350059A309 /* UINavigationExtension.swift in Sources */ = {isa = PBXBuildFile; fileRef = 969353E22C5635350059A309 /* UINavigationExtension.swift */; };
		96A0C6A22C93401500E9FBC9 /* Utils.swift in Sources */ = {isa = PBXBuildFile; fileRef = 96A0C6A12C93401500E9FBC9 /* Utils.swift */; };
		96A87EAD2C4ECEE100A1A209 /* RouterView.swift in Sources */ = {isa = PBXBuildFile; fileRef = 96A87EAC2C4ECEE100A1A209 /* RouterView.swift */; };
		96C3FCD52C9401D4004DC780 /* DateExtension.swift in Sources */ = {isa = PBXBuildFile; fileRef = 96C3FCD42C9401D4004DC780 /* DateExtension.swift */; };
		96C3FCD82C946664004DC780 /* ImagePlaceHodlerView.swift in Sources */ = {isa = PBXBuildFile; fileRef = 96C3FCD72C946664004DC780 /* ImagePlaceHodlerView.swift */; };
		96C6679C2C5D1744003D9D03 /* NetworkMonitor.swift in Sources */ = {isa = PBXBuildFile; fileRef = 96C6679B2C5D1744003D9D03 /* NetworkMonitor.swift */; };
		96C6679F2C5D17B8003D9D03 /* SeeMoreText.swift in Sources */ = {isa = PBXBuildFile; fileRef = 96C6679E2C5D17B8003D9D03 /* SeeMoreText.swift */; };
		96C667A22C5D183E003D9D03 /* FlexView.swift in Sources */ = {isa = PBXBuildFile; fileRef = 96C667A12C5D183E003D9D03 /* FlexView.swift */; };
		96C667A52C5D18E3003D9D03 /* LineView.swift in Sources */ = {isa = PBXBuildFile; fileRef = 96C667A42C5D18E3003D9D03 /* LineView.swift */; };
		96C667A82C5D1934003D9D03 /* ToastView.swift in Sources */ = {isa = PBXBuildFile; fileRef = 96C667A72C5D1934003D9D03 /* ToastView.swift */; };
		96C667AB2C5D1A89003D9D03 /* Shimmer.swift in Sources */ = {isa = PBXBuildFile; fileRef = 96C667AA2C5D1A89003D9D03 /* Shimmer.swift */; };
		96D76F892C45935A0047B415 /* FontDesignSystem.swift in Sources */ = {isa = PBXBuildFile; fileRef = 96D76F882C45935A0047B415 /* FontDesignSystem.swift */; };
		96D76F8C2C45957F0047B415 /* ColorDesignSystem.swift in Sources */ = {isa = PBXBuildFile; fileRef = 96D76F8B2C45957F0047B415 /* ColorDesignSystem.swift */; };
		96DBBCC12C88923A008A0973 /* BorderCornerExtension.swift in Sources */ = {isa = PBXBuildFile; fileRef = 96DBBCC02C88923A008A0973 /* BorderCornerExtension.swift */; };
		96DBBCC32C889258008A0973 /* CustomShape.swift in Sources */ = {isa = PBXBuildFile; fileRef = 96DBBCC22C889258008A0973 /* CustomShape.swift */; };
		96DC0DEE2C73662A000383DA /* GlobalDeviceVariable.swift in Sources */ = {isa = PBXBuildFile; fileRef = 96DC0DED2C73662A000383DA /* GlobalDeviceVariable.swift */; };
		96F130B32C81EC14001B4C33 /* HomeView.swift in Sources */ = {isa = PBXBuildFile; fileRef = 96F130B22C81EC14001B4C33 /* HomeView.swift */; };
		96F130B52C81EC3F001B4C33 /* HomeInteractor.swift in Sources */ = {isa = PBXBuildFile; fileRef = 96F130B42C81EC3F001B4C33 /* HomeInteractor.swift */; };
		96F130B72C81EC5B001B4C33 /* HomePresenter.swift in Sources */ = {isa = PBXBuildFile; fileRef = 96F130B62C81EC5B001B4C33 /* HomePresenter.swift */; };
		96F9309A2C42F02C00B81E11 /* ColorExtension.swift in Sources */ = {isa = PBXBuildFile; fileRef = 96F930992C42F02C00B81E11 /* ColorExtension.swift */; };
		96F9309C2C43107000B81E11 /* StringExtension.swift in Sources */ = {isa = PBXBuildFile; fileRef = 96F9309B2C43107000B81E11 /* StringExtension.swift */; };
		96F9309E2C432BAE00B81E11 /* ThemeState.swift in Sources */ = {isa = PBXBuildFile; fileRef = 96F9309D2C432BAE00B81E11 /* ThemeState.swift */; };
		96F930A12C437FBF00B81E11 /* FontExtension.swift in Sources */ = {isa = PBXBuildFile; fileRef = 96F930A02C437FBF00B81E11 /* FontExtension.swift */; };
		96FF34692C2802AC00323544 /* RefreshableScrollView.swift in Sources */ = {isa = PBXBuildFile; fileRef = 96FF34682C2802AC00323544 /* RefreshableScrollView.swift */; };
/* End PBXBuildFile section */

/* Begin PBXContainerItemProxy section */
		960BF73D2BD59D8F00407C13 /* PBXContainerItemProxy */ = {
			isa = PBXContainerItemProxy;
			containerPortal = 960BF7222BD59D8D00407C13 /* Project object */;
			proxyType = 1;
			remoteGlobalIDString = 960BF7292BD59D8D00407C13;
			remoteInfo = "dev-ex-ios";
		};
		960BF7472BD59D8F00407C13 /* PBXContainerItemProxy */ = {
			isa = PBXContainerItemProxy;
			containerPortal = 960BF7222BD59D8D00407C13 /* Project object */;
			proxyType = 1;
			remoteGlobalIDString = 960BF7292BD59D8D00407C13;
			remoteInfo = "dev-ex-ios";
		};
/* End PBXContainerItemProxy section */

/* Begin PBXFileReference section */
		960323342C6E5A63003A23FB /* RootTabbarView.swift */ = {isa = PBXFileReference; lastKnownFileType = sourcecode.swift; path = RootTabbarView.swift; sourceTree = "<group>"; };
		96044D6D2C4CA96B001D256C /* ColorPalette.swift */ = {isa = PBXFileReference; lastKnownFileType = sourcecode.swift; path = ColorPalette.swift; sourceTree = "<group>"; };
		96044D702C4D9ABC001D256C /* Localizable.xcstrings */ = {isa = PBXFileReference; lastKnownFileType = text.json.xcstrings; path = Localizable.xcstrings; sourceTree = "<group>"; };
		96044D732C4E3C73001D256C /* router.swift */ = {isa = PBXFileReference; lastKnownFileType = sourcecode.swift; path = router.swift; sourceTree = "<group>"; };
		96044D752C4E3C7D001D256C /* route.swift */ = {isa = PBXFileReference; lastKnownFileType = sourcecode.swift; path = route.swift; sourceTree = "<group>"; };
		960677122C0B023500B2204A /* LaunchScreenView.swift */ = {isa = PBXFileReference; lastKnownFileType = sourcecode.swift; path = LaunchScreenView.swift; sourceTree = "<group>"; };
		960677162C0B0F9A00B2204A /* ViewExtension.swift */ = {isa = PBXFileReference; lastKnownFileType = sourcecode.swift; path = ViewExtension.swift; sourceTree = "<group>"; };
		960677182C0B191900B2204A /* LaunchScreen.storyboard */ = {isa = PBXFileReference; lastKnownFileType = file.storyboard; path = LaunchScreen.storyboard; sourceTree = "<group>"; };
		960BF72A2BD59D8D00407C13 /* dev-ex-ios.app */ = {isa = PBXFileReference; explicitFileType = wrapper.application; includeInIndex = 0; path = "dev-ex-ios.app"; sourceTree = BUILT_PRODUCTS_DIR; };
		960BF72D2BD59D8D00407C13 /* dev_ex_iosApp.swift */ = {isa = PBXFileReference; lastKnownFileType = sourcecode.swift; path = dev_ex_iosApp.swift; sourceTree = "<group>"; };
		960BF7332BD59D8F00407C13 /* Assets.xcassets */ = {isa = PBXFileReference; lastKnownFileType = folder.assetcatalog; path = Assets.xcassets; sourceTree = "<group>"; };
		960BF7362BD59D8F00407C13 /* Preview Assets.xcassets */ = {isa = PBXFileReference; lastKnownFileType = folder.assetcatalog; path = "Preview Assets.xcassets"; sourceTree = "<group>"; };
		960BF73C2BD59D8F00407C13 /* dev-ex-iosTests.xctest */ = {isa = PBXFileReference; explicitFileType = wrapper.cfbundle; includeInIndex = 0; path = "dev-ex-iosTests.xctest"; sourceTree = BUILT_PRODUCTS_DIR; };
		960BF7402BD59D8F00407C13 /* dev_ex_iosTests.swift */ = {isa = PBXFileReference; lastKnownFileType = sourcecode.swift; path = dev_ex_iosTests.swift; sourceTree = "<group>"; };
		960BF7462BD59D8F00407C13 /* dev-ex-iosUITests.xctest */ = {isa = PBXFileReference; explicitFileType = wrapper.cfbundle; includeInIndex = 0; path = "dev-ex-iosUITests.xctest"; sourceTree = BUILT_PRODUCTS_DIR; };
		960BF74A2BD59D8F00407C13 /* dev_ex_iosUITests.swift */ = {isa = PBXFileReference; lastKnownFileType = sourcecode.swift; path = dev_ex_iosUITests.swift; sourceTree = "<group>"; };
		960BF74C2BD59D8F00407C13 /* dev_ex_iosUITestsLaunchTests.swift */ = {isa = PBXFileReference; lastKnownFileType = sourcecode.swift; path = dev_ex_iosUITestsLaunchTests.swift; sourceTree = "<group>"; };
		9611CF2A2C8F6A9B00A3C637 /* ArticleCardView.swift */ = {isa = PBXFileReference; lastKnownFileType = sourcecode.swift; path = ArticleCardView.swift; sourceTree = "<group>"; };
		9611CF2C2C8F6AA600A3C637 /* CourseCardView.swift */ = {isa = PBXFileReference; lastKnownFileType = sourcecode.swift; path = CourseCardView.swift; sourceTree = "<group>"; };
		9611CF2E2C8F6CD900A3C637 /* ArticleModel.swift */ = {isa = PBXFileReference; lastKnownFileType = sourcecode.swift; path = ArticleModel.swift; sourceTree = "<group>"; };
		9611CF302C8F6CE300A3C637 /* CourseModel.swift */ = {isa = PBXFileReference; lastKnownFileType = sourcecode.swift; path = CourseModel.swift; sourceTree = "<group>"; };
		9611CF322C8F6ECF00A3C637 /* EngagementModel.swift */ = {isa = PBXFileReference; lastKnownFileType = sourcecode.swift; path = EngagementModel.swift; sourceTree = "<group>"; };
		9611CF342C8F779D00A3C637 /* ProductPriceModel.swift */ = {isa = PBXFileReference; lastKnownFileType = sourcecode.swift; path = ProductPriceModel.swift; sourceTree = "<group>"; };
		9611CF362C8F7FB600A3C637 /* PageModel.swift */ = {isa = PBXFileReference; lastKnownFileType = sourcecode.swift; path = PageModel.swift; sourceTree = "<group>"; };
		96287DF62C94A2ED008FF0FA /* ArticleSectionView.swift */ = {isa = PBXFileReference; lastKnownFileType = sourcecode.swift; path = ArticleSectionView.swift; sourceTree = "<group>"; };
		96287DF92C94AEDB008FF0FA /* ArticleSectionPresenter.swift */ = {isa = PBXFileReference; lastKnownFileType = sourcecode.swift; path = ArticleSectionPresenter.swift; sourceTree = "<group>"; };
		96287DFB2C94AEEA008FF0FA /* ArticleSectionInteractor.swift */ = {isa = PBXFileReference; lastKnownFileType = sourcecode.swift; path = ArticleSectionInteractor.swift; sourceTree = "<group>"; };
		96287DFE2C94CB95008FF0FA /* ArticleRepository.swift */ = {isa = PBXFileReference; lastKnownFileType = sourcecode.swift; path = ArticleRepository.swift; sourceTree = "<group>"; };
		96287E002C94CBA2008FF0FA /* CourseRepository.swift */ = {isa = PBXFileReference; lastKnownFileType = sourcecode.swift; path = CourseRepository.swift; sourceTree = "<group>"; };
		96287E022C95AD89008FF0FA /* CourseSectionView.swift */ = {isa = PBXFileReference; lastKnownFileType = sourcecode.swift; path = CourseSectionView.swift; sourceTree = "<group>"; };
		96287E042C95AD92008FF0FA /* CourseSectionPresenter.swift */ = {isa = PBXFileReference; lastKnownFileType = sourcecode.swift; path = CourseSectionPresenter.swift; sourceTree = "<group>"; };
		96287E062C95AD9C008FF0FA /* CourseSectionInteractor.swift */ = {isa = PBXFileReference; lastKnownFileType = sourcecode.swift; path = CourseSectionInteractor.swift; sourceTree = "<group>"; };
		963BC2EB2C6115D40096A1B6 /* UIScreenExtension.swift */ = {isa = PBXFileReference; lastKnownFileType = sourcecode.swift; path = UIScreenExtension.swift; sourceTree = "<group>"; };
		963BC2EF2C6122440096A1B6 /* RootView.swift */ = {isa = PBXFileReference; lastKnownFileType = sourcecode.swift; path = RootView.swift; sourceTree = "<group>"; };
		963BC3022C6132740096A1B6 /* Base.xcconfig */ = {isa = PBXFileReference; lastKnownFileType = text.xcconfig; path = Base.xcconfig; sourceTree = "<group>"; };
		963BC3032C6132CD0096A1B6 /* Development.xcconfig */ = {isa = PBXFileReference; lastKnownFileType = text.xcconfig; path = Development.xcconfig; sourceTree = "<group>"; };
		963BC3042C6132EB0096A1B6 /* UAT.xcconfig */ = {isa = PBXFileReference; lastKnownFileType = text.xcconfig; path = UAT.xcconfig; sourceTree = "<group>"; };
		963BC3052C6132F70096A1B6 /* Production.xcconfig */ = {isa = PBXFileReference; lastKnownFileType = text.xcconfig; path = Production.xcconfig; sourceTree = "<group>"; };
		96426F9A2C80F86D0000CBE1 /* DIContainer.swift */ = {isa = PBXFileReference; lastKnownFileType = sourcecode.swift; path = DIContainer.swift; sourceTree = "<group>"; };
		965264942BF0DC0400C002CB /* image.xcassets */ = {isa = PBXFileReference; lastKnownFileType = folder.assetcatalog; path = image.xcassets; sourceTree = "<group>"; };
		965264962BF149FE00C002CB /* Info.plist */ = {isa = PBXFileReference; lastKnownFileType = text.plist.xml; path = Info.plist; sourceTree = "<group>"; };
		966F928E2C8E01FE00146277 /* ScreenLayoutRepository.swift */ = {isa = PBXFileReference; lastKnownFileType = sourcecode.swift; path = ScreenLayoutRepository.swift; sourceTree = "<group>"; };
		966F92902C8E028800146277 /* ApiManager.swift */ = {isa = PBXFileReference; lastKnownFileType = sourcecode.swift; path = ApiManager.swift; sourceTree = "<group>"; };
		966F92932C8E06A700146277 /* ApiBaseModel.swift */ = {isa = PBXFileReference; lastKnownFileType = sourcecode.swift; path = ApiBaseModel.swift; sourceTree = "<group>"; };
		966F92952C8E075F00146277 /* ScreenLayoutModel.swift */ = {isa = PBXFileReference; lastKnownFileType = sourcecode.swift; path = ScreenLayoutModel.swift; sourceTree = "<group>"; };
		966F92972C8E080700146277 /* ScreenSectionModel.swift */ = {isa = PBXFileReference; lastKnownFileType = sourcecode.swift; path = ScreenSectionModel.swift; sourceTree = "<group>"; };
		966F929A2C8E1FE800146277 /* ScreenSectionItemModel.swift */ = {isa = PBXFileReference; lastKnownFileType = sourcecode.swift; path = ScreenSectionItemModel.swift; sourceTree = "<group>"; };
		968307852C57916100970ABF /* NavBarView.swift */ = {isa = PBXFileReference; lastKnownFileType = sourcecode.swift; path = NavBarView.swift; sourceTree = "<group>"; };
		96900C1F2C8B74E300C0CAB6 /* SearchView.swift */ = {isa = PBXFileReference; lastKnownFileType = sourcecode.swift; path = SearchView.swift; sourceTree = "<group>"; };
		96900C212C8B75B400C0CAB6 /* RootPresenter.swift */ = {isa = PBXFileReference; lastKnownFileType = sourcecode.swift; path = RootPresenter.swift; sourceTree = "<group>"; };
		96900C242C8B782500C0CAB6 /* RootInteractor.swift */ = {isa = PBXFileReference; lastKnownFileType = sourcecode.swift; path = RootInteractor.swift; sourceTree = "<group>"; };
		96900C262C8B7A0600C0CAB6 /* SearchPresenter.swift */ = {isa = PBXFileReference; lastKnownFileType = sourcecode.swift; path = SearchPresenter.swift; sourceTree = "<group>"; };
		96900C282C8B7A1000C0CAB6 /* SearchInteractor.swift */ = {isa = PBXFileReference; lastKnownFileType = sourcecode.swift; path = SearchInteractor.swift; sourceTree = "<group>"; };
		96900C2A2C8B7A2000C0CAB6 /* UserLibraryView.swift */ = {isa = PBXFileReference; lastKnownFileType = sourcecode.swift; path = UserLibraryView.swift; sourceTree = "<group>"; };
		96900C2C2C8B7A3300C0CAB6 /* UserLibraryPresenter.swift */ = {isa = PBXFileReference; lastKnownFileType = sourcecode.swift; path = UserLibraryPresenter.swift; sourceTree = "<group>"; };
		96900C2E2C8B7A4800C0CAB6 /* UserLibraryInteractor.swift */ = {isa = PBXFileReference; lastKnownFileType = sourcecode.swift; path = UserLibraryInteractor.swift; sourceTree = "<group>"; };
		96900C302C8C0B2600C0CAB6 /* NotificationView.swift */ = {isa = PBXFileReference; lastKnownFileType = sourcecode.swift; path = NotificationView.swift; sourceTree = "<group>"; };
		96900C322C8C0B3700C0CAB6 /* NotificationPresenter.swift */ = {isa = PBXFileReference; lastKnownFileType = sourcecode.swift; path = NotificationPresenter.swift; sourceTree = "<group>"; };
		96900C342C8C0B4500C0CAB6 /* NotificationInteractor.swift */ = {isa = PBXFileReference; lastKnownFileType = sourcecode.swift; path = NotificationInteractor.swift; sourceTree = "<group>"; };
		96900C3A2C8C452A00C0CAB6 /* ProfileView.swift */ = {isa = PBXFileReference; lastKnownFileType = sourcecode.swift; path = ProfileView.swift; sourceTree = "<group>"; };
		96900C3C2C8C454500C0CAB6 /* ProfilePresenter.swift */ = {isa = PBXFileReference; lastKnownFileType = sourcecode.swift; path = ProfilePresenter.swift; sourceTree = "<group>"; };
		96900C3E2C8C455600C0CAB6 /* ProfileInteractor.swift */ = {isa = PBXFileReference; lastKnownFileType = sourcecode.swift; path = ProfileInteractor.swift; sourceTree = "<group>"; };
		96900C402C8C456F00C0CAB6 /* AuthorProfileView.swift */ = {isa = PBXFileReference; lastKnownFileType = sourcecode.swift; path = AuthorProfileView.swift; sourceTree = "<group>"; };
		96900C422C8C458400C0CAB6 /* AuthorProfilePresenter.swift */ = {isa = PBXFileReference; lastKnownFileType = sourcecode.swift; path = AuthorProfilePresenter.swift; sourceTree = "<group>"; };
		96900C442C8C459700C0CAB6 /* AuthorProfileInteractor.swift */ = {isa = PBXFileReference; lastKnownFileType = sourcecode.swift; path = AuthorProfileInteractor.swift; sourceTree = "<group>"; };
		96900C462C8C45BB00C0CAB6 /* ArticleView.swift */ = {isa = PBXFileReference; lastKnownFileType = sourcecode.swift; path = ArticleView.swift; sourceTree = "<group>"; };
		96900C482C8C460B00C0CAB6 /* ArticlePresenter.swift */ = {isa = PBXFileReference; lastKnownFileType = sourcecode.swift; path = ArticlePresenter.swift; sourceTree = "<group>"; };
		96900C4A2C8C461C00C0CAB6 /* ArticleInteractor.swift */ = {isa = PBXFileReference; lastKnownFileType = sourcecode.swift; path = ArticleInteractor.swift; sourceTree = "<group>"; };
		96900C4C2C8C462700C0CAB6 /* CourseView.swift */ = {isa = PBXFileReference; lastKnownFileType = sourcecode.swift; path = CourseView.swift; sourceTree = "<group>"; };
		96900C4E2C8C463300C0CAB6 /* CoursePresenter.swift */ = {isa = PBXFileReference; lastKnownFileType = sourcecode.swift; path = CoursePresenter.swift; sourceTree = "<group>"; };
		96900C502C8C463E00C0CAB6 /* CourseInteractor.swift */ = {isa = PBXFileReference; lastKnownFileType = sourcecode.swift; path = CourseInteractor.swift; sourceTree = "<group>"; };
		96900C542C8C4A7A00C0CAB6 /* SettingView.swift */ = {isa = PBXFileReference; lastKnownFileType = sourcecode.swift; path = SettingView.swift; sourceTree = "<group>"; };
		96900C562C8C4C1800C0CAB6 /* SettingPresenter.swift */ = {isa = PBXFileReference; lastKnownFileType = sourcecode.swift; path = SettingPresenter.swift; sourceTree = "<group>"; };
		96900C582C8C4C2500C0CAB6 /* SettingInteractor.swift */ = {isa = PBXFileReference; lastKnownFileType = sourcecode.swift; path = SettingInteractor.swift; sourceTree = "<group>"; };
		96900C5A2C8C4C7600C0CAB6 /* ThemeSettingView.swift */ = {isa = PBXFileReference; lastKnownFileType = sourcecode.swift; path = ThemeSettingView.swift; sourceTree = "<group>"; };
		96900C5C2C8C4C9000C0CAB6 /* ThemeSettingPresenter.swift */ = {isa = PBXFileReference; lastKnownFileType = sourcecode.swift; path = ThemeSettingPresenter.swift; sourceTree = "<group>"; };
		96900C5E2C8C4C9D00C0CAB6 /* ThemeSettingInteractor.swift */ = {isa = PBXFileReference; lastKnownFileType = sourcecode.swift; path = ThemeSettingInteractor.swift; sourceTree = "<group>"; };
		969353E22C5635350059A309 /* UINavigationExtension.swift */ = {isa = PBXFileReference; lastKnownFileType = sourcecode.swift; path = UINavigationExtension.swift; sourceTree = "<group>"; };
		96A0C6A12C93401500E9FBC9 /* Utils.swift */ = {isa = PBXFileReference; lastKnownFileType = sourcecode.swift; path = Utils.swift; sourceTree = "<group>"; };
		96A87EAC2C4ECEE100A1A209 /* RouterView.swift */ = {isa = PBXFileReference; lastKnownFileType = sourcecode.swift; path = RouterView.swift; sourceTree = "<group>"; };
		96C3FCD42C9401D4004DC780 /* DateExtension.swift */ = {isa = PBXFileReference; lastKnownFileType = sourcecode.swift; path = DateExtension.swift; sourceTree = "<group>"; };
		96C3FCD72C946664004DC780 /* ImagePlaceHodlerView.swift */ = {isa = PBXFileReference; lastKnownFileType = sourcecode.swift; path = ImagePlaceHodlerView.swift; sourceTree = "<group>"; };
		96C6679B2C5D1744003D9D03 /* NetworkMonitor.swift */ = {isa = PBXFileReference; lastKnownFileType = sourcecode.swift; path = NetworkMonitor.swift; sourceTree = "<group>"; };
		96C6679E2C5D17B8003D9D03 /* SeeMoreText.swift */ = {isa = PBXFileReference; lastKnownFileType = sourcecode.swift; path = SeeMoreText.swift; sourceTree = "<group>"; };
		96C667A12C5D183E003D9D03 /* FlexView.swift */ = {isa = PBXFileReference; lastKnownFileType = sourcecode.swift; path = FlexView.swift; sourceTree = "<group>"; };
		96C667A42C5D18E3003D9D03 /* LineView.swift */ = {isa = PBXFileReference; lastKnownFileType = sourcecode.swift; path = LineView.swift; sourceTree = "<group>"; };
		96C667A72C5D1934003D9D03 /* ToastView.swift */ = {isa = PBXFileReference; lastKnownFileType = sourcecode.swift; path = ToastView.swift; sourceTree = "<group>"; };
		96C667AA2C5D1A89003D9D03 /* Shimmer.swift */ = {isa = PBXFileReference; lastKnownFileType = sourcecode.swift; path = Shimmer.swift; sourceTree = "<group>"; };
		96D76F882C45935A0047B415 /* FontDesignSystem.swift */ = {isa = PBXFileReference; lastKnownFileType = sourcecode.swift; path = FontDesignSystem.swift; sourceTree = "<group>"; };
		96D76F8B2C45957F0047B415 /* ColorDesignSystem.swift */ = {isa = PBXFileReference; lastKnownFileType = sourcecode.swift; path = ColorDesignSystem.swift; sourceTree = "<group>"; };
		96DBBCC02C88923A008A0973 /* BorderCornerExtension.swift */ = {isa = PBXFileReference; lastKnownFileType = sourcecode.swift; path = BorderCornerExtension.swift; sourceTree = "<group>"; };
		96DBBCC22C889258008A0973 /* CustomShape.swift */ = {isa = PBXFileReference; lastKnownFileType = sourcecode.swift; path = CustomShape.swift; sourceTree = "<group>"; };
		96DC0DED2C73662A000383DA /* GlobalDeviceVariable.swift */ = {isa = PBXFileReference; lastKnownFileType = sourcecode.swift; path = GlobalDeviceVariable.swift; sourceTree = "<group>"; };
		96F130B22C81EC14001B4C33 /* HomeView.swift */ = {isa = PBXFileReference; lastKnownFileType = sourcecode.swift; path = HomeView.swift; sourceTree = "<group>"; };
		96F130B42C81EC3F001B4C33 /* HomeInteractor.swift */ = {isa = PBXFileReference; lastKnownFileType = sourcecode.swift; path = HomeInteractor.swift; sourceTree = "<group>"; };
		96F130B62C81EC5B001B4C33 /* HomePresenter.swift */ = {isa = PBXFileReference; lastKnownFileType = sourcecode.swift; path = HomePresenter.swift; sourceTree = "<group>"; };
		96F930992C42F02C00B81E11 /* ColorExtension.swift */ = {isa = PBXFileReference; lastKnownFileType = sourcecode.swift; path = ColorExtension.swift; sourceTree = "<group>"; };
		96F9309B2C43107000B81E11 /* StringExtension.swift */ = {isa = PBXFileReference; lastKnownFileType = sourcecode.swift; path = StringExtension.swift; sourceTree = "<group>"; };
		96F9309D2C432BAE00B81E11 /* ThemeState.swift */ = {isa = PBXFileReference; lastKnownFileType = sourcecode.swift; path = ThemeState.swift; sourceTree = "<group>"; };
		96F930A02C437FBF00B81E11 /* FontExtension.swift */ = {isa = PBXFileReference; lastKnownFileType = sourcecode.swift; path = FontExtension.swift; sourceTree = "<group>"; };
		96FF34682C2802AC00323544 /* RefreshableScrollView.swift */ = {isa = PBXFileReference; lastKnownFileType = sourcecode.swift; path = RefreshableScrollView.swift; sourceTree = "<group>"; };
/* End PBXFileReference section */

/* Begin PBXFrameworksBuildPhase section */
		960BF7272BD59D8D00407C13 /* Frameworks */ = {
			isa = PBXFrameworksBuildPhase;
			buildActionMask = 2147483647;
			files = (
				96426F972C7F8CBD0000CBE1 /* Swinject in Frameworks */,
			);
			runOnlyForDeploymentPostprocessing = 0;
		};
		960BF7392BD59D8F00407C13 /* Frameworks */ = {
			isa = PBXFrameworksBuildPhase;
			buildActionMask = 2147483647;
			files = (
			);
			runOnlyForDeploymentPostprocessing = 0;
		};
		960BF7432BD59D8F00407C13 /* Frameworks */ = {
			isa = PBXFrameworksBuildPhase;
			buildActionMask = 2147483647;
			files = (
			);
			runOnlyForDeploymentPostprocessing = 0;
		};
/* End PBXFrameworksBuildPhase section */

/* Begin PBXGroup section */
		960323312C6E5448003A23FB /* Search */ = {
			isa = PBXGroup;
			children = (
				96900C1F2C8B74E300C0CAB6 /* SearchView.swift */,
				96900C262C8B7A0600C0CAB6 /* SearchPresenter.swift */,
				96900C282C8B7A1000C0CAB6 /* SearchInteractor.swift */,
			);
			path = Search;
			sourceTree = "<group>";
		};
		960323332C6E54E9003A23FB /* Notification */ = {
			isa = PBXGroup;
			children = (
				96900C302C8C0B2600C0CAB6 /* NotificationView.swift */,
				96900C322C8C0B3700C0CAB6 /* NotificationPresenter.swift */,
				96900C342C8C0B4500C0CAB6 /* NotificationInteractor.swift */,
			);
			path = Notification;
			sourceTree = "<group>";
		};
		96044D6F2C4D9A85001D256C /* Localization */ = {
			isa = PBXGroup;
			children = (
				96044D702C4D9ABC001D256C /* Localizable.xcstrings */,
			);
			path = Localization;
			sourceTree = "<group>";
		};
		96044D772C4E3CD6001D256C /* Router */ = {
			isa = PBXGroup;
			children = (
				96044D752C4E3C7D001D256C /* route.swift */,
				96044D732C4E3C73001D256C /* router.swift */,
				96A87EAC2C4ECEE100A1A209 /* RouterView.swift */,
			);
			path = Router;
			sourceTree = "<group>";
		};
		960677142C0B0CFE00B2204A /* Core */ = {
			isa = PBXGroup;
			children = (
				96DC0DEC2C736612000383DA /* GlobalVariable */,
				96D76F8A2C4593670047B415 /* DesignSysytem */,
				96426F992C80F71B0000CBE1 /* DIContainer */,
				960677152C0B0F4E00B2204A /* Extension */,
				96FF34672C2800C600323544 /* ViewComponent */,
				96426F982C80F70B0000CBE1 /* Repository */,
				967A97122C89E9F800778CE6 /* DataSource */,
				96CC69FE2C7B8C6E004FF82C /* Service */,
				966F928D2C8E004200146277 /* Model */,
				96CBABDE2C9291C800AA51CE /* Utility */,
			);
			path = Core;
			sourceTree = "<group>";
		};
		960677152C0B0F4E00B2204A /* Extension */ = {
			isa = PBXGroup;
			children = (
				96DBBCBF2C889200008A0973 /* ViewExtension */,
				96F930A02C437FBF00B81E11 /* FontExtension.swift */,
				96F930992C42F02C00B81E11 /* ColorExtension.swift */,
				96F9309B2C43107000B81E11 /* StringExtension.swift */,
				969353E22C5635350059A309 /* UINavigationExtension.swift */,
				963BC2EB2C6115D40096A1B6 /* UIScreenExtension.swift */,
				96DBBCC22C889258008A0973 /* CustomShape.swift */,
				96C3FCD42C9401D4004DC780 /* DateExtension.swift */,
			);
			path = Extension;
			sourceTree = "<group>";
		};
		960BF7212BD59D8D00407C13 = {
			isa = PBXGroup;
			children = (
				960BF72C2BD59D8D00407C13 /* dev-ex-ios */,
				960BF73F2BD59D8F00407C13 /* dev-ex-iosTests */,
				960BF7492BD59D8F00407C13 /* dev-ex-iosUITests */,
				960BF72B2BD59D8D00407C13 /* Products */,
			);
			sourceTree = "<group>";
		};
		960BF72B2BD59D8D00407C13 /* Products */ = {
			isa = PBXGroup;
			children = (
				960BF72A2BD59D8D00407C13 /* dev-ex-ios.app */,
				960BF73C2BD59D8F00407C13 /* dev-ex-iosTests.xctest */,
				960BF7462BD59D8F00407C13 /* dev-ex-iosUITests.xctest */,
			);
			name = Products;
			sourceTree = "<group>";
		};
		960BF72C2BD59D8D00407C13 /* dev-ex-ios */ = {
			isa = PBXGroup;
			children = (
				969DCAD02BFFA56100D4A057 /* App */,
				969DCAD12BFFA57400D4A057 /* AppInfo */,
				963BC3012C6132580096A1B6 /* Config */,
				960677142C0B0CFE00B2204A /* Core */,
				969DCAD32BFFA5A100D4A057 /* Feature */,
				96044D6F2C4D9A85001D256C /* Localization */,
				960BF7352BD59D8F00407C13 /* Preview Content */,
				965264932BF0DB5500C002CB /* Resource */,
			);
			path = "dev-ex-ios";
			sourceTree = "<group>";
		};
		960BF7352BD59D8F00407C13 /* Preview Content */ = {
			isa = PBXGroup;
			children = (
				960BF7362BD59D8F00407C13 /* Preview Assets.xcassets */,
			);
			path = "Preview Content";
			sourceTree = "<group>";
		};
		960BF73F2BD59D8F00407C13 /* dev-ex-iosTests */ = {
			isa = PBXGroup;
			children = (
				960BF7402BD59D8F00407C13 /* dev_ex_iosTests.swift */,
			);
			path = "dev-ex-iosTests";
			sourceTree = "<group>";
		};
		960BF7492BD59D8F00407C13 /* dev-ex-iosUITests */ = {
			isa = PBXGroup;
			children = (
				960BF74A2BD59D8F00407C13 /* dev_ex_iosUITests.swift */,
				960BF74C2BD59D8F00407C13 /* dev_ex_iosUITestsLaunchTests.swift */,
			);
			path = "dev-ex-iosUITests";
			sourceTree = "<group>";
		};
		96287DF82C94AEB8008FF0FA /* ArticleSection */ = {
			isa = PBXGroup;
			children = (
				96287DF62C94A2ED008FF0FA /* ArticleSectionView.swift */,
				96287DF92C94AEDB008FF0FA /* ArticleSectionPresenter.swift */,
				96287DFB2C94AEEA008FF0FA /* ArticleSectionInteractor.swift */,
			);
			path = ArticleSection;
			sourceTree = "<group>";
		};
		96287DFD2C94CB6E008FF0FA /* CourseSection */ = {
			isa = PBXGroup;
			children = (
				96287E022C95AD89008FF0FA /* CourseSectionView.swift */,
				96287E042C95AD92008FF0FA /* CourseSectionPresenter.swift */,
				96287E062C95AD9C008FF0FA /* CourseSectionInteractor.swift */,
			);
			path = CourseSection;
			sourceTree = "<group>";
		};
		963BC2ED2C6122100096A1B6 /* RootView */ = {
			isa = PBXGroup;
			children = (
				96900C232C8B77E800C0CAB6 /* View */,
				96900C212C8B75B400C0CAB6 /* RootPresenter.swift */,
				96900C242C8B782500C0CAB6 /* RootInteractor.swift */,
			);
			path = RootView;
			sourceTree = "<group>";
		};
		963BC2EE2C6122230096A1B6 /* Home */ = {
			isa = PBXGroup;
			children = (
				96F130B22C81EC14001B4C33 /* HomeView.swift */,
				96F130B62C81EC5B001B4C33 /* HomePresenter.swift */,
				96F130B42C81EC3F001B4C33 /* HomeInteractor.swift */,
			);
			path = Home;
			sourceTree = "<group>";
		};
		963BC3012C6132580096A1B6 /* Config */ = {
			isa = PBXGroup;
			children = (
				963BC3022C6132740096A1B6 /* Base.xcconfig */,
				963BC3032C6132CD0096A1B6 /* Development.xcconfig */,
				963BC3042C6132EB0096A1B6 /* UAT.xcconfig */,
				963BC3052C6132F70096A1B6 /* Production.xcconfig */,
			);
			path = Config;
			sourceTree = "<group>";
		};
		96426F982C80F70B0000CBE1 /* Repository */ = {
			isa = PBXGroup;
			children = (
				966F928E2C8E01FE00146277 /* ScreenLayoutRepository.swift */,
				96287DFE2C94CB95008FF0FA /* ArticleRepository.swift */,
				96287E002C94CBA2008FF0FA /* CourseRepository.swift */,
			);
			path = Repository;
			sourceTree = "<group>";
		};
		96426F992C80F71B0000CBE1 /* DIContainer */ = {
			isa = PBXGroup;
			children = (
				96426F9A2C80F86D0000CBE1 /* DIContainer.swift */,
			);
			path = DIContainer;
			sourceTree = "<group>";
		};
		965264932BF0DB5500C002CB /* Resource */ = {
			isa = PBXGroup;
			children = (
				960BF7332BD59D8F00407C13 /* Assets.xcassets */,
				965264942BF0DC0400C002CB /* image.xcassets */,
			);
			path = Resource;
			sourceTree = "<group>";
		};
		966F928B2C8DC9B000146277 /* Section */ = {
			isa = PBXGroup;
			children = (
				96287DFD2C94CB6E008FF0FA /* CourseSection */,
				96287DF82C94AEB8008FF0FA /* ArticleSection */,
			);
			path = Section;
			sourceTree = "<group>";
		};
		966F928C2C8DC9B900146277 /* Card */ = {
			isa = PBXGroup;
			children = (
				9611CF2A2C8F6A9B00A3C637 /* ArticleCardView.swift */,
				9611CF2C2C8F6AA600A3C637 /* CourseCardView.swift */,
			);
			path = Card;
			sourceTree = "<group>";
		};
		966F928D2C8E004200146277 /* Model */ = {
			isa = PBXGroup;
			children = (
				966F92932C8E06A700146277 /* ApiBaseModel.swift */,
				966F92992C8E081500146277 /* ScreenLayout */,
				9611CF2E2C8F6CD900A3C637 /* ArticleModel.swift */,
				9611CF302C8F6CE300A3C637 /* CourseModel.swift */,
				9611CF322C8F6ECF00A3C637 /* EngagementModel.swift */,
				9611CF342C8F779D00A3C637 /* ProductPriceModel.swift */,
				9611CF362C8F7FB600A3C637 /* PageModel.swift */,
			);
			path = Model;
			sourceTree = "<group>";
		};
		966F92992C8E081500146277 /* ScreenLayout */ = {
			isa = PBXGroup;
			children = (
				966F92972C8E080700146277 /* ScreenSectionModel.swift */,
				966F92952C8E075F00146277 /* ScreenLayoutModel.swift */,
				966F929A2C8E1FE800146277 /* ScreenSectionItemModel.swift */,
			);
			path = ScreenLayout;
			sourceTree = "<group>";
		};
		967A97122C89E9F800778CE6 /* DataSource */ = {
			isa = PBXGroup;
			children = (
				967A97132C89EA3700778CE6 /* Api */,
			);
			path = DataSource;
			sourceTree = "<group>";
		};
		967A97132C89EA3700778CE6 /* Api */ = {
			isa = PBXGroup;
			children = (
				966F92902C8E028800146277 /* ApiManager.swift */,
			);
			path = Api;
			sourceTree = "<group>";
		};
		96900C232C8B77E800C0CAB6 /* View */ = {
			isa = PBXGroup;
			children = (
				960323342C6E5A63003A23FB /* RootTabbarView.swift */,
				963BC2EF2C6122440096A1B6 /* RootView.swift */,
			);
			path = View;
			sourceTree = "<group>";
		};
		96900C362C8C25ED00C0CAB6 /* Profile */ = {
			isa = PBXGroup;
			children = (
				96900C3A2C8C452A00C0CAB6 /* ProfileView.swift */,
				96900C3C2C8C454500C0CAB6 /* ProfilePresenter.swift */,
				96900C3E2C8C455600C0CAB6 /* ProfileInteractor.swift */,
			);
			path = Profile;
			sourceTree = "<group>";
		};
		96900C372C8C25FA00C0CAB6 /* AuthorProfile */ = {
			isa = PBXGroup;
			children = (
				96900C402C8C456F00C0CAB6 /* AuthorProfileView.swift */,
				96900C422C8C458400C0CAB6 /* AuthorProfilePresenter.swift */,
				96900C442C8C459700C0CAB6 /* AuthorProfileInteractor.swift */,
			);
			path = AuthorProfile;
			sourceTree = "<group>";
		};
		96900C382C8C260900C0CAB6 /* Article */ = {
			isa = PBXGroup;
			children = (
				96900C462C8C45BB00C0CAB6 /* ArticleView.swift */,
				96900C482C8C460B00C0CAB6 /* ArticlePresenter.swift */,
				96900C4A2C8C461C00C0CAB6 /* ArticleInteractor.swift */,
			);
			path = Article;
			sourceTree = "<group>";
		};
		96900C392C8C262F00C0CAB6 /* Course */ = {
			isa = PBXGroup;
			children = (
				96900C4C2C8C462700C0CAB6 /* CourseView.swift */,
				96900C4E2C8C463300C0CAB6 /* CoursePresenter.swift */,
				96900C502C8C463E00C0CAB6 /* CourseInteractor.swift */,
			);
			path = Course;
			sourceTree = "<group>";
		};
		96900C522C8C48C600C0CAB6 /* Setting */ = {
			isa = PBXGroup;
			children = (
				96900C542C8C4A7A00C0CAB6 /* SettingView.swift */,
				96900C562C8C4C1800C0CAB6 /* SettingPresenter.swift */,
				96900C582C8C4C2500C0CAB6 /* SettingInteractor.swift */,
			);
			path = Setting;
			sourceTree = "<group>";
		};
		96900C532C8C48D400C0CAB6 /* ThemeSetting */ = {
			isa = PBXGroup;
			children = (
				96900C5A2C8C4C7600C0CAB6 /* ThemeSettingView.swift */,
				96900C5C2C8C4C9000C0CAB6 /* ThemeSettingPresenter.swift */,
				96900C5E2C8C4C9D00C0CAB6 /* ThemeSettingInteractor.swift */,
			);
			path = ThemeSetting;
			sourceTree = "<group>";
		};
		969353E42C56BB360059A309 /* NavigationBar */ = {
			isa = PBXGroup;
			children = (
				968307852C57916100970ABF /* NavBarView.swift */,
			);
			path = NavigationBar;
			sourceTree = "<group>";
		};
		969DCAD02BFFA56100D4A057 /* App */ = {
			isa = PBXGroup;
			children = (
				960BF72D2BD59D8D00407C13 /* dev_ex_iosApp.swift */,
			);
			path = App;
			sourceTree = "<group>";
		};
		969DCAD12BFFA57400D4A057 /* AppInfo */ = {
			isa = PBXGroup;
			children = (
				965264962BF149FE00C002CB /* Info.plist */,
			);
			path = AppInfo;
			sourceTree = "<group>";
		};
		969DCAD22BFFA58700D4A057 /* LaunchScreen */ = {
			isa = PBXGroup;
			children = (
				960677122C0B023500B2204A /* LaunchScreenView.swift */,
				960677182C0B191900B2204A /* LaunchScreen.storyboard */,
			);
			path = LaunchScreen;
			sourceTree = "<group>";
		};
		969DCAD32BFFA5A100D4A057 /* Feature */ = {
			isa = PBXGroup;
			children = (
				96044D772C4E3CD6001D256C /* Router */,
				969DCAD22BFFA58700D4A057 /* LaunchScreen */,
				963BC2ED2C6122100096A1B6 /* RootView */,
				963BC2EE2C6122230096A1B6 /* Home */,
				960323312C6E5448003A23FB /* Search */,
				96CC69FF2C7B8D51004FF82C /* UserLibrary */,
				960323332C6E54E9003A23FB /* Notification */,
				96900C362C8C25ED00C0CAB6 /* Profile */,
				96900C372C8C25FA00C0CAB6 /* AuthorProfile */,
				96900C382C8C260900C0CAB6 /* Article */,
				96900C392C8C262F00C0CAB6 /* Course */,
				96900C522C8C48C600C0CAB6 /* Setting */,
				96900C532C8C48D400C0CAB6 /* ThemeSetting */,
			);
			path = Feature;
			sourceTree = "<group>";
		};
		96C3FCD62C94664C004DC780 /* Placeholder */ = {
			isa = PBXGroup;
			children = (
				96C3FCD72C946664004DC780 /* ImagePlaceHodlerView.swift */,
			);
			path = Placeholder;
			sourceTree = "<group>";
		};
		96C667992C5D171B003D9D03 /* PullToRefresh */ = {
			isa = PBXGroup;
			children = (
				96FF34682C2802AC00323544 /* RefreshableScrollView.swift */,
			);
			path = PullToRefresh;
			sourceTree = "<group>";
		};
		96C6679A2C5D1729003D9D03 /* NetworkMonitoring */ = {
			isa = PBXGroup;
			children = (
				96C6679B2C5D1744003D9D03 /* NetworkMonitor.swift */,
			);
			path = NetworkMonitoring;
			sourceTree = "<group>";
		};
		96C6679D2C5D17A6003D9D03 /* ExpandableText */ = {
			isa = PBXGroup;
			children = (
				96C6679E2C5D17B8003D9D03 /* SeeMoreText.swift */,
			);
			path = ExpandableText;
			sourceTree = "<group>";
		};
		96C667A02C5D182C003D9D03 /* FlexBox */ = {
			isa = PBXGroup;
			children = (
				96C667A12C5D183E003D9D03 /* FlexView.swift */,
			);
			path = FlexBox;
			sourceTree = "<group>";
		};
		96C667A32C5D18CF003D9D03 /* CustomShape */ = {
			isa = PBXGroup;
			children = (
				96C667A42C5D18E3003D9D03 /* LineView.swift */,
			);
			path = CustomShape;
			sourceTree = "<group>";
		};
		96C667A62C5D1927003D9D03 /* Toast */ = {
			isa = PBXGroup;
			children = (
				96C667A72C5D1934003D9D03 /* ToastView.swift */,
			);
			path = Toast;
			sourceTree = "<group>";
		};
		96C667A92C5D1A77003D9D03 /* Shimmer */ = {
			isa = PBXGroup;
			children = (
				96C667AA2C5D1A89003D9D03 /* Shimmer.swift */,
			);
			path = Shimmer;
			sourceTree = "<group>";
		};
		96CBABDE2C9291C800AA51CE /* Utility */ = {
			isa = PBXGroup;
			children = (
				96A0C6A12C93401500E9FBC9 /* Utils.swift */,
			);
			path = Utility;
			sourceTree = "<group>";
		};
		96CC69FE2C7B8C6E004FF82C /* Service */ = {
			isa = PBXGroup;
			children = (
				96C6679A2C5D1729003D9D03 /* NetworkMonitoring */,
			);
			path = Service;
			sourceTree = "<group>";
		};
		96CC69FF2C7B8D51004FF82C /* UserLibrary */ = {
			isa = PBXGroup;
			children = (
				96900C2A2C8B7A2000C0CAB6 /* UserLibraryView.swift */,
				96900C2C2C8B7A3300C0CAB6 /* UserLibraryPresenter.swift */,
				96900C2E2C8B7A4800C0CAB6 /* UserLibraryInteractor.swift */,
			);
			path = UserLibrary;
			sourceTree = "<group>";
		};
		96CC6A002C7B8D6C004FF82C /* InAppView */ = {
			isa = PBXGroup;
			children = (
				96C3FCD62C94664C004DC780 /* Placeholder */,
				966F928C2C8DC9B900146277 /* Card */,
				966F928B2C8DC9B000146277 /* Section */,
				969353E42C56BB360059A309 /* NavigationBar */,
			);
			path = InAppView;
			sourceTree = "<group>";
		};
		96CC6A012C7B8D79004FF82C /* CommonView */ = {
			isa = PBXGroup;
			children = (
				96C667A62C5D1927003D9D03 /* Toast */,
				96C667A92C5D1A77003D9D03 /* Shimmer */,
				96C667992C5D171B003D9D03 /* PullToRefresh */,
				96C667A02C5D182C003D9D03 /* FlexBox */,
				96C6679D2C5D17A6003D9D03 /* ExpandableText */,
				96C667A32C5D18CF003D9D03 /* CustomShape */,
			);
			path = CommonView;
			sourceTree = "<group>";
		};
		96D76F8A2C4593670047B415 /* DesignSysytem */ = {
			isa = PBXGroup;
			children = (
				96F930972C42EDC300B81E11 /* Theme */,
				96F9309F2C437FAF00B81E11 /* Font */,
				96F930982C42EDD800B81E11 /* Color */,
			);
			path = DesignSysytem;
			sourceTree = "<group>";
		};
		96DBBCBF2C889200008A0973 /* ViewExtension */ = {
			isa = PBXGroup;
			children = (
				960677162C0B0F9A00B2204A /* ViewExtension.swift */,
				96DBBCC02C88923A008A0973 /* BorderCornerExtension.swift */,
			);
			path = ViewExtension;
			sourceTree = "<group>";
		};
		96DC0DEC2C736612000383DA /* GlobalVariable */ = {
			isa = PBXGroup;
			children = (
				96DC0DED2C73662A000383DA /* GlobalDeviceVariable.swift */,
			);
			path = GlobalVariable;
			sourceTree = "<group>";
		};
		96F930972C42EDC300B81E11 /* Theme */ = {
			isa = PBXGroup;
			children = (
				96F9309D2C432BAE00B81E11 /* ThemeState.swift */,
			);
			path = Theme;
			sourceTree = "<group>";
		};
		96F930982C42EDD800B81E11 /* Color */ = {
			isa = PBXGroup;
			children = (
				96D76F8B2C45957F0047B415 /* ColorDesignSystem.swift */,
				96044D6D2C4CA96B001D256C /* ColorPalette.swift */,
			);
			path = Color;
			sourceTree = "<group>";
		};
		96F9309F2C437FAF00B81E11 /* Font */ = {
			isa = PBXGroup;
			children = (
				96D76F882C45935A0047B415 /* FontDesignSystem.swift */,
			);
			path = Font;
			sourceTree = "<group>";
		};
		96FF34672C2800C600323544 /* ViewComponent */ = {
			isa = PBXGroup;
			children = (
				96CC6A012C7B8D79004FF82C /* CommonView */,
				96CC6A002C7B8D6C004FF82C /* InAppView */,
			);
			path = ViewComponent;
			sourceTree = "<group>";
		};
/* End PBXGroup section */

/* Begin PBXNativeTarget section */
		960BF7292BD59D8D00407C13 /* dev-ex-ios */ = {
			isa = PBXNativeTarget;
			buildConfigurationList = 960BF7502BD59D8F00407C13 /* Build configuration list for PBXNativeTarget "dev-ex-ios" */;
			buildPhases = (
				960BF7262BD59D8D00407C13 /* Sources */,
				960BF7272BD59D8D00407C13 /* Frameworks */,
				960BF7282BD59D8D00407C13 /* Resources */,
			);
			buildRules = (
			);
			dependencies = (
			);
			name = "dev-ex-ios";
			packageProductDependencies = (
				96426F962C7F8CBD0000CBE1 /* Swinject */,
			);
			productName = "dev-ex-ios";
			productReference = 960BF72A2BD59D8D00407C13 /* dev-ex-ios.app */;
			productType = "com.apple.product-type.application";
		};
		960BF73B2BD59D8F00407C13 /* dev-ex-iosTests */ = {
			isa = PBXNativeTarget;
			buildConfigurationList = 960BF7532BD59D8F00407C13 /* Build configuration list for PBXNativeTarget "dev-ex-iosTests" */;
			buildPhases = (
				960BF7382BD59D8F00407C13 /* Sources */,
				960BF7392BD59D8F00407C13 /* Frameworks */,
				960BF73A2BD59D8F00407C13 /* Resources */,
			);
			buildRules = (
			);
			dependencies = (
				960BF73E2BD59D8F00407C13 /* PBXTargetDependency */,
			);
			name = "dev-ex-iosTests";
			productName = "dev-ex-iosTests";
			productReference = 960BF73C2BD59D8F00407C13 /* dev-ex-iosTests.xctest */;
			productType = "com.apple.product-type.bundle.unit-test";
		};
		960BF7452BD59D8F00407C13 /* dev-ex-iosUITests */ = {
			isa = PBXNativeTarget;
			buildConfigurationList = 960BF7562BD59D8F00407C13 /* Build configuration list for PBXNativeTarget "dev-ex-iosUITests" */;
			buildPhases = (
				960BF7422BD59D8F00407C13 /* Sources */,
				960BF7432BD59D8F00407C13 /* Frameworks */,
				960BF7442BD59D8F00407C13 /* Resources */,
			);
			buildRules = (
			);
			dependencies = (
				960BF7482BD59D8F00407C13 /* PBXTargetDependency */,
			);
			name = "dev-ex-iosUITests";
			productName = "dev-ex-iosUITests";
			productReference = 960BF7462BD59D8F00407C13 /* dev-ex-iosUITests.xctest */;
			productType = "com.apple.product-type.bundle.ui-testing";
		};
/* End PBXNativeTarget section */

/* Begin PBXProject section */
		960BF7222BD59D8D00407C13 /* Project object */ = {
			isa = PBXProject;
			attributes = {
				BuildIndependentTargetsInParallel = 1;
				LastSwiftUpdateCheck = 1520;
				LastUpgradeCheck = 1520;
				TargetAttributes = {
					960BF7292BD59D8D00407C13 = {
						CreatedOnToolsVersion = 15.2;
					};
					960BF73B2BD59D8F00407C13 = {
						CreatedOnToolsVersion = 15.2;
						TestTargetID = 960BF7292BD59D8D00407C13;
					};
					960BF7452BD59D8F00407C13 = {
						CreatedOnToolsVersion = 15.2;
						TestTargetID = 960BF7292BD59D8D00407C13;
					};
				};
			};
			buildConfigurationList = 960BF7252BD59D8D00407C13 /* Build configuration list for PBXProject "dev-ex-ios" */;
			compatibilityVersion = "Xcode 14.0";
			developmentRegion = en;
			hasScannedForEncodings = 0;
			knownRegions = (
				en,
				Base,
				th,
			);
			mainGroup = 960BF7212BD59D8D00407C13;
			packageReferences = (
				96426F952C7F8CBD0000CBE1 /* XCRemoteSwiftPackageReference "Swinject" */,
			);
			productRefGroup = 960BF72B2BD59D8D00407C13 /* Products */;
			projectDirPath = "";
			projectRoot = "";
			targets = (
				960BF7292BD59D8D00407C13 /* dev-ex-ios */,
				960BF73B2BD59D8F00407C13 /* dev-ex-iosTests */,
				960BF7452BD59D8F00407C13 /* dev-ex-iosUITests */,
			);
		};
/* End PBXProject section */

/* Begin PBXResourcesBuildPhase section */
		960BF7282BD59D8D00407C13 /* Resources */ = {
			isa = PBXResourcesBuildPhase;
			buildActionMask = 2147483647;
			files = (
				965264952BF0DC0400C002CB /* image.xcassets in Resources */,
				96044D712C4D9ABC001D256C /* Localizable.xcstrings in Resources */,
				960677192C0B191900B2204A /* LaunchScreen.storyboard in Resources */,
				960BF7372BD59D8F00407C13 /* Preview Assets.xcassets in Resources */,
				960BF7342BD59D8F00407C13 /* Assets.xcassets in Resources */,
			);
			runOnlyForDeploymentPostprocessing = 0;
		};
		960BF73A2BD59D8F00407C13 /* Resources */ = {
			isa = PBXResourcesBuildPhase;
			buildActionMask = 2147483647;
			files = (
			);
			runOnlyForDeploymentPostprocessing = 0;
		};
		960BF7442BD59D8F00407C13 /* Resources */ = {
			isa = PBXResourcesBuildPhase;
			buildActionMask = 2147483647;
			files = (
			);
			runOnlyForDeploymentPostprocessing = 0;
		};
/* End PBXResourcesBuildPhase section */

/* Begin PBXSourcesBuildPhase section */
		960BF7262BD59D8D00407C13 /* Sources */ = {
			isa = PBXSourcesBuildPhase;
			buildActionMask = 2147483647;
			files = (
				96D76F8C2C45957F0047B415 /* ColorDesignSystem.swift in Sources */,
				96900C292C8B7A1000C0CAB6 /* SearchInteractor.swift in Sources */,
				9611CF2B2C8F6A9B00A3C637 /* ArticleCardView.swift in Sources */,
				96F130B32C81EC14001B4C33 /* HomeView.swift in Sources */,
				96900C432C8C458400C0CAB6 /* AuthorProfilePresenter.swift in Sources */,
				96C3FCD52C9401D4004DC780 /* DateExtension.swift in Sources */,
				96A0C6A22C93401500E9FBC9 /* Utils.swift in Sources */,
				96287E032C95AD89008FF0FA /* CourseSectionView.swift in Sources */,
				96900C272C8B7A0600C0CAB6 /* SearchPresenter.swift in Sources */,
				96900C4B2C8C461C00C0CAB6 /* ArticleInteractor.swift in Sources */,
				969353E32C5635350059A309 /* UINavigationExtension.swift in Sources */,
				96F130B72C81EC5B001B4C33 /* HomePresenter.swift in Sources */,
				966F92962C8E075F00146277 /* ScreenLayoutModel.swift in Sources */,
				963BC2F02C6122440096A1B6 /* RootView.swift in Sources */,
				96287DFC2C94AEEA008FF0FA /* ArticleSectionInteractor.swift in Sources */,
				960677132C0B023500B2204A /* LaunchScreenView.swift in Sources */,
				966F92912C8E028800146277 /* ApiManager.swift in Sources */,
				96900C312C8C0B2600C0CAB6 /* NotificationView.swift in Sources */,
				96044D742C4E3C73001D256C /* router.swift in Sources */,
				96900C3F2C8C455600C0CAB6 /* ProfileInteractor.swift in Sources */,
				96F9309E2C432BAE00B81E11 /* ThemeState.swift in Sources */,
				96287E012C94CBA2008FF0FA /* CourseRepository.swift in Sources */,
				96C667AB2C5D1A89003D9D03 /* Shimmer.swift in Sources */,
				96900C252C8B782500C0CAB6 /* RootInteractor.swift in Sources */,
				96F9309A2C42F02C00B81E11 /* ColorExtension.swift in Sources */,
				96900C2F2C8B7A4800C0CAB6 /* UserLibraryInteractor.swift in Sources */,
				96900C472C8C45BB00C0CAB6 /* ArticleView.swift in Sources */,
				9611CF372C8F7FB600A3C637 /* PageModel.swift in Sources */,
				96287DF72C94A2ED008FF0FA /* ArticleSectionView.swift in Sources */,
				966F92982C8E080700146277 /* ScreenSectionModel.swift in Sources */,
				96900C592C8C4C2500C0CAB6 /* SettingInteractor.swift in Sources */,
				96900C202C8B74E300C0CAB6 /* SearchView.swift in Sources */,
				96900C512C8C463E00C0CAB6 /* CourseInteractor.swift in Sources */,
				9611CF2F2C8F6CD900A3C637 /* ArticleModel.swift in Sources */,
				96A87EAD2C4ECEE100A1A209 /* RouterView.swift in Sources */,
				96F130B52C81EC3F001B4C33 /* HomeInteractor.swift in Sources */,
				963BC2EC2C6115D40096A1B6 /* UIScreenExtension.swift in Sources */,
				96F9309C2C43107000B81E11 /* StringExtension.swift in Sources */,
				96900C5B2C8C4C7600C0CAB6 /* ThemeSettingView.swift in Sources */,
				96900C3B2C8C452A00C0CAB6 /* ProfileView.swift in Sources */,
				96DBBCC12C88923A008A0973 /* BorderCornerExtension.swift in Sources */,
				96287DFA2C94AEDB008FF0FA /* ArticleSectionPresenter.swift in Sources */,
				96900C5F2C8C4C9D00C0CAB6 /* ThemeSettingInteractor.swift in Sources */,
				960323352C6E5A63003A23FB /* RootTabbarView.swift in Sources */,
				9611CF332C8F6ECF00A3C637 /* EngagementModel.swift in Sources */,
				96287E052C95AD92008FF0FA /* CourseSectionPresenter.swift in Sources */,
				96900C572C8C4C1800C0CAB6 /* SettingPresenter.swift in Sources */,
				96900C3D2C8C454500C0CAB6 /* ProfilePresenter.swift in Sources */,
				96DC0DEE2C73662A000383DA /* GlobalDeviceVariable.swift in Sources */,
				96C667A22C5D183E003D9D03 /* FlexView.swift in Sources */,
				96F930A12C437FBF00B81E11 /* FontExtension.swift in Sources */,
				96D76F892C45935A0047B415 /* FontDesignSystem.swift in Sources */,
				96900C2D2C8B7A3300C0CAB6 /* UserLibraryPresenter.swift in Sources */,
				96044D6E2C4CA96B001D256C /* ColorPalette.swift in Sources */,
				96C667A82C5D1934003D9D03 /* ToastView.swift in Sources */,
				96C6679C2C5D1744003D9D03 /* NetworkMonitor.swift in Sources */,
				960BF72E2BD59D8D00407C13 /* dev_ex_iosApp.swift in Sources */,
				9611CF352C8F779D00A3C637 /* ProductPriceModel.swift in Sources */,
				96DBBCC32C889258008A0973 /* CustomShape.swift in Sources */,
				9611CF312C8F6CE300A3C637 /* CourseModel.swift in Sources */,
				966F929B2C8E1FE800146277 /* ScreenSectionItemModel.swift in Sources */,
				96900C452C8C459700C0CAB6 /* AuthorProfileInteractor.swift in Sources */,
				96900C352C8C0B4500C0CAB6 /* NotificationInteractor.swift in Sources */,
				96900C4D2C8C462700C0CAB6 /* CourseView.swift in Sources */,
				96287E072C95AD9C008FF0FA /* CourseSectionInteractor.swift in Sources */,
				96287DFF2C94CB95008FF0FA /* ArticleRepository.swift in Sources */,
				960677172C0B0F9A00B2204A /* ViewExtension.swift in Sources */,
				96FF34692C2802AC00323544 /* RefreshableScrollView.swift in Sources */,
				96900C222C8B75B400C0CAB6 /* RootPresenter.swift in Sources */,
				966F928F2C8E01FE00146277 /* ScreenLayoutRepository.swift in Sources */,
				966F92942C8E06A700146277 /* ApiBaseModel.swift in Sources */,
				96900C552C8C4A7A00C0CAB6 /* SettingView.swift in Sources */,
				96900C492C8C460B00C0CAB6 /* ArticlePresenter.swift in Sources */,
				9611CF2D2C8F6AA600A3C637 /* CourseCardView.swift in Sources */,
				96C3FCD82C946664004DC780 /* ImagePlaceHodlerView.swift in Sources */,
				96900C332C8C0B3700C0CAB6 /* NotificationPresenter.swift in Sources */,
				96C667A52C5D18E3003D9D03 /* LineView.swift in Sources */,
				96C6679F2C5D17B8003D9D03 /* SeeMoreText.swift in Sources */,
				96044D762C4E3C7D001D256C /* route.swift in Sources */,
				96900C4F2C8C463300C0CAB6 /* CoursePresenter.swift in Sources */,
				96900C2B2C8B7A2000C0CAB6 /* UserLibraryView.swift in Sources */,
				96426F9B2C80F86D0000CBE1 /* DIContainer.swift in Sources */,
				96900C412C8C456F00C0CAB6 /* AuthorProfileView.swift in Sources */,
				968307862C57916100970ABF /* NavBarView.swift in Sources */,
				96900C5D2C8C4C9000C0CAB6 /* ThemeSettingPresenter.swift in Sources */,
			);
			runOnlyForDeploymentPostprocessing = 0;
		};
		960BF7382BD59D8F00407C13 /* Sources */ = {
			isa = PBXSourcesBuildPhase;
			buildActionMask = 2147483647;
			files = (
				960BF7412BD59D8F00407C13 /* dev_ex_iosTests.swift in Sources */,
			);
			runOnlyForDeploymentPostprocessing = 0;
		};
		960BF7422BD59D8F00407C13 /* Sources */ = {
			isa = PBXSourcesBuildPhase;
			buildActionMask = 2147483647;
			files = (
				960BF74B2BD59D8F00407C13 /* dev_ex_iosUITests.swift in Sources */,
				960BF74D2BD59D8F00407C13 /* dev_ex_iosUITestsLaunchTests.swift in Sources */,
			);
			runOnlyForDeploymentPostprocessing = 0;
		};
/* End PBXSourcesBuildPhase section */

/* Begin PBXTargetDependency section */
		960BF73E2BD59D8F00407C13 /* PBXTargetDependency */ = {
			isa = PBXTargetDependency;
			target = 960BF7292BD59D8D00407C13 /* dev-ex-ios */;
			targetProxy = 960BF73D2BD59D8F00407C13 /* PBXContainerItemProxy */;
		};
		960BF7482BD59D8F00407C13 /* PBXTargetDependency */ = {
			isa = PBXTargetDependency;
			target = 960BF7292BD59D8D00407C13 /* dev-ex-ios */;
			targetProxy = 960BF7472BD59D8F00407C13 /* PBXContainerItemProxy */;
		};
/* End PBXTargetDependency section */

/* Begin XCBuildConfiguration section */
		960BF74E2BD59D8F00407C13 /* Debug */ = {
			isa = XCBuildConfiguration;
			baseConfigurationReference = 963BC3052C6132F70096A1B6 /* Production.xcconfig */;
			buildSettings = {
				ALWAYS_SEARCH_USER_PATHS = NO;
				ASSETCATALOG_COMPILER_GENERATE_SWIFT_ASSET_SYMBOL_EXTENSIONS = YES;
				CLANG_ANALYZER_NONNULL = YES;
				CLANG_ANALYZER_NUMBER_OBJECT_CONVERSION = YES_AGGRESSIVE;
				CLANG_CXX_LANGUAGE_STANDARD = "gnu++20";
				CLANG_ENABLE_MODULES = YES;
				CLANG_ENABLE_OBJC_ARC = YES;
				CLANG_ENABLE_OBJC_WEAK = YES;
				CLANG_WARN_BLOCK_CAPTURE_AUTORELEASING = YES;
				CLANG_WARN_BOOL_CONVERSION = YES;
				CLANG_WARN_COMMA = YES;
				CLANG_WARN_CONSTANT_CONVERSION = YES;
				CLANG_WARN_DEPRECATED_OBJC_IMPLEMENTATIONS = YES;
				CLANG_WARN_DIRECT_OBJC_ISA_USAGE = YES_ERROR;
				CLANG_WARN_DOCUMENTATION_COMMENTS = YES;
				CLANG_WARN_EMPTY_BODY = YES;
				CLANG_WARN_ENUM_CONVERSION = YES;
				CLANG_WARN_INFINITE_RECURSION = YES;
				CLANG_WARN_INT_CONVERSION = YES;
				CLANG_WARN_NON_LITERAL_NULL_CONVERSION = YES;
				CLANG_WARN_OBJC_IMPLICIT_RETAIN_SELF = YES;
				CLANG_WARN_OBJC_LITERAL_CONVERSION = YES;
				CLANG_WARN_OBJC_ROOT_CLASS = YES_ERROR;
				CLANG_WARN_QUOTED_INCLUDE_IN_FRAMEWORK_HEADER = YES;
				CLANG_WARN_RANGE_LOOP_ANALYSIS = YES;
				CLANG_WARN_STRICT_PROTOTYPES = YES;
				CLANG_WARN_SUSPICIOUS_MOVE = YES;
				CLANG_WARN_UNGUARDED_AVAILABILITY = YES_AGGRESSIVE;
				CLANG_WARN_UNREACHABLE_CODE = YES;
				CLANG_WARN__DUPLICATE_METHOD_MATCH = YES;
				COPY_PHASE_STRIP = NO;
				DEBUG_INFORMATION_FORMAT = dwarf;
				ENABLE_STRICT_OBJC_MSGSEND = YES;
				ENABLE_TESTABILITY = YES;
				ENABLE_USER_SCRIPT_SANDBOXING = YES;
				GCC_C_LANGUAGE_STANDARD = gnu17;
				GCC_DYNAMIC_NO_PIC = NO;
				GCC_NO_COMMON_BLOCKS = YES;
				GCC_OPTIMIZATION_LEVEL = 0;
				GCC_PREPROCESSOR_DEFINITIONS = (
					"DEBUG=1",
					"$(inherited)",
				);
				GCC_WARN_64_TO_32_BIT_CONVERSION = YES;
				GCC_WARN_ABOUT_RETURN_TYPE = YES_ERROR;
				GCC_WARN_UNDECLARED_SELECTOR = YES;
				GCC_WARN_UNINITIALIZED_AUTOS = YES_AGGRESSIVE;
				GCC_WARN_UNUSED_FUNCTION = YES;
				GCC_WARN_UNUSED_VARIABLE = YES;
				INFOPLIST_FILE = "dev-ex-ios/AppInfo/Info.plist";
				INFOPLIST_KEY_LSApplicationCategoryType = "public.app-category.education";
				INFOPLIST_KEY_UILaunchStoryboardName = "";
				IPHONEOS_DEPLOYMENT_TARGET = 16.4;
				LOCALIZATION_PREFERS_STRING_CATALOGS = YES;
				MTL_ENABLE_DEBUG_INFO = INCLUDE_SOURCE;
				MTL_FAST_MATH = YES;
				ONLY_ACTIVE_ARCH = YES;
				SDKROOT = iphoneos;
				SWIFT_ACTIVE_COMPILATION_CONDITIONS = "DEBUG $(inherited)";
				SWIFT_OPTIMIZATION_LEVEL = "-Onone";
			};
			name = Debug;
		};
		960BF74F2BD59D8F00407C13 /* Release */ = {
			isa = XCBuildConfiguration;
			baseConfigurationReference = 963BC3052C6132F70096A1B6 /* Production.xcconfig */;
			buildSettings = {
				ALWAYS_SEARCH_USER_PATHS = NO;
				ASSETCATALOG_COMPILER_GENERATE_SWIFT_ASSET_SYMBOL_EXTENSIONS = YES;
				CLANG_ANALYZER_NONNULL = YES;
				CLANG_ANALYZER_NUMBER_OBJECT_CONVERSION = YES_AGGRESSIVE;
				CLANG_CXX_LANGUAGE_STANDARD = "gnu++20";
				CLANG_ENABLE_MODULES = YES;
				CLANG_ENABLE_OBJC_ARC = YES;
				CLANG_ENABLE_OBJC_WEAK = YES;
				CLANG_WARN_BLOCK_CAPTURE_AUTORELEASING = YES;
				CLANG_WARN_BOOL_CONVERSION = YES;
				CLANG_WARN_COMMA = YES;
				CLANG_WARN_CONSTANT_CONVERSION = YES;
				CLANG_WARN_DEPRECATED_OBJC_IMPLEMENTATIONS = YES;
				CLANG_WARN_DIRECT_OBJC_ISA_USAGE = YES_ERROR;
				CLANG_WARN_DOCUMENTATION_COMMENTS = YES;
				CLANG_WARN_EMPTY_BODY = YES;
				CLANG_WARN_ENUM_CONVERSION = YES;
				CLANG_WARN_INFINITE_RECURSION = YES;
				CLANG_WARN_INT_CONVERSION = YES;
				CLANG_WARN_NON_LITERAL_NULL_CONVERSION = YES;
				CLANG_WARN_OBJC_IMPLICIT_RETAIN_SELF = YES;
				CLANG_WARN_OBJC_LITERAL_CONVERSION = YES;
				CLANG_WARN_OBJC_ROOT_CLASS = YES_ERROR;
				CLANG_WARN_QUOTED_INCLUDE_IN_FRAMEWORK_HEADER = YES;
				CLANG_WARN_RANGE_LOOP_ANALYSIS = YES;
				CLANG_WARN_STRICT_PROTOTYPES = YES;
				CLANG_WARN_SUSPICIOUS_MOVE = YES;
				CLANG_WARN_UNGUARDED_AVAILABILITY = YES_AGGRESSIVE;
				CLANG_WARN_UNREACHABLE_CODE = YES;
				CLANG_WARN__DUPLICATE_METHOD_MATCH = YES;
				COPY_PHASE_STRIP = NO;
				DEBUG_INFORMATION_FORMAT = "dwarf-with-dsym";
				ENABLE_NS_ASSERTIONS = NO;
				ENABLE_STRICT_OBJC_MSGSEND = YES;
				ENABLE_USER_SCRIPT_SANDBOXING = YES;
				GCC_C_LANGUAGE_STANDARD = gnu17;
				GCC_NO_COMMON_BLOCKS = YES;
				GCC_WARN_64_TO_32_BIT_CONVERSION = YES;
				GCC_WARN_ABOUT_RETURN_TYPE = YES_ERROR;
				GCC_WARN_UNDECLARED_SELECTOR = YES;
				GCC_WARN_UNINITIALIZED_AUTOS = YES_AGGRESSIVE;
				GCC_WARN_UNUSED_FUNCTION = YES;
				GCC_WARN_UNUSED_VARIABLE = YES;
				INFOPLIST_FILE = "dev-ex-ios/AppInfo/Info.plist";
				INFOPLIST_KEY_LSApplicationCategoryType = "public.app-category.education";
				INFOPLIST_KEY_UILaunchStoryboardName = "";
				IPHONEOS_DEPLOYMENT_TARGET = 16.4;
				LOCALIZATION_PREFERS_STRING_CATALOGS = YES;
				MTL_ENABLE_DEBUG_INFO = NO;
				MTL_FAST_MATH = YES;
				SDKROOT = iphoneos;
				SWIFT_COMPILATION_MODE = wholemodule;
				VALIDATE_PRODUCT = YES;
			};
			name = Release;
		};
		960BF7512BD59D8F00407C13 /* Debug */ = {
			isa = XCBuildConfiguration;
			buildSettings = {
				ASSETCATALOG_COMPILER_APPICON_NAME = AppIcon;
				ASSETCATALOG_COMPILER_GLOBAL_ACCENT_COLOR_NAME = AccentColor;
				CODE_SIGN_STYLE = Automatic;
				CURRENT_PROJECT_VERSION = 1;
				DEVELOPMENT_ASSET_PATHS = "\"dev-ex-ios/Preview Content\"";
				DEVELOPMENT_TEAM = 9JR855JWZY;
				ENABLE_PREVIEWS = YES;
				GENERATE_INFOPLIST_FILE = YES;
				INFOPLIST_FILE = "dev-ex-ios/AppInfo/Info.plist";
				INFOPLIST_KEY_LSApplicationCategoryType = "public.app-category.education";
				INFOPLIST_KEY_UIApplicationSceneManifest_Generation = YES;
				INFOPLIST_KEY_UIApplicationSupportsIndirectInputEvents = YES;
				INFOPLIST_KEY_UILaunchStoryboardName = LaunchScreen.storyboard;
				INFOPLIST_KEY_UISupportedInterfaceOrientations_iPad = "UIInterfaceOrientationPortrait UIInterfaceOrientationPortraitUpsideDown UIInterfaceOrientationLandscapeLeft UIInterfaceOrientationLandscapeRight";
				INFOPLIST_KEY_UISupportedInterfaceOrientations_iPhone = "UIInterfaceOrientationPortrait UIInterfaceOrientationLandscapeLeft UIInterfaceOrientationLandscapeRight";
				LD_RUNPATH_SEARCH_PATHS = (
					"$(inherited)",
					"@executable_path/Frameworks",
				);
				MARKETING_VERSION = 1.0;
				PRODUCT_BUNDLE_IDENTIFIER = "com.sukrit.dev-ex-ios";
				PRODUCT_NAME = "$(TARGET_NAME)";
				SWIFT_EMIT_LOC_STRINGS = YES;
				SWIFT_VERSION = 5.0;
				TARGETED_DEVICE_FAMILY = "1,2";
			};
			name = Debug;
		};
		960BF7522BD59D8F00407C13 /* Release */ = {
			isa = XCBuildConfiguration;
			buildSettings = {
				ASSETCATALOG_COMPILER_APPICON_NAME = AppIcon;
				ASSETCATALOG_COMPILER_GLOBAL_ACCENT_COLOR_NAME = AccentColor;
				CODE_SIGN_STYLE = Automatic;
				CURRENT_PROJECT_VERSION = 1;
				DEVELOPMENT_ASSET_PATHS = "\"dev-ex-ios/Preview Content\"";
				DEVELOPMENT_TEAM = 9JR855JWZY;
				ENABLE_PREVIEWS = YES;
				GENERATE_INFOPLIST_FILE = YES;
				INFOPLIST_FILE = "dev-ex-ios/AppInfo/Info.plist";
				INFOPLIST_KEY_LSApplicationCategoryType = "public.app-category.education";
				INFOPLIST_KEY_UIApplicationSceneManifest_Generation = YES;
				INFOPLIST_KEY_UIApplicationSupportsIndirectInputEvents = YES;
				INFOPLIST_KEY_UILaunchStoryboardName = LaunchScreen.storyboard;
				INFOPLIST_KEY_UISupportedInterfaceOrientations_iPad = "UIInterfaceOrientationPortrait UIInterfaceOrientationPortraitUpsideDown UIInterfaceOrientationLandscapeLeft UIInterfaceOrientationLandscapeRight";
				INFOPLIST_KEY_UISupportedInterfaceOrientations_iPhone = "UIInterfaceOrientationPortrait UIInterfaceOrientationLandscapeLeft UIInterfaceOrientationLandscapeRight";
				LD_RUNPATH_SEARCH_PATHS = (
					"$(inherited)",
					"@executable_path/Frameworks",
				);
				MARKETING_VERSION = 1.0;
				PRODUCT_BUNDLE_IDENTIFIER = "com.sukrit.dev-ex-ios";
				PRODUCT_NAME = "$(TARGET_NAME)";
				SWIFT_EMIT_LOC_STRINGS = YES;
				SWIFT_VERSION = 5.0;
				TARGETED_DEVICE_FAMILY = "1,2";
			};
			name = Release;
		};
		960BF7542BD59D8F00407C13 /* Debug */ = {
			isa = XCBuildConfiguration;
			buildSettings = {
				ALWAYS_EMBED_SWIFT_STANDARD_LIBRARIES = YES;
				BUNDLE_LOADER = "$(TEST_HOST)";
				CODE_SIGN_STYLE = Automatic;
				CURRENT_PROJECT_VERSION = 1;
				DEVELOPMENT_TEAM = 9JR855JWZY;
				GENERATE_INFOPLIST_FILE = YES;
				IPHONEOS_DEPLOYMENT_TARGET = 16.4;
				MARKETING_VERSION = 1.0;
				PRODUCT_BUNDLE_IDENTIFIER = "com.sukrit.dev-ex-iosTests";
				PRODUCT_NAME = "$(TARGET_NAME)";
				SWIFT_EMIT_LOC_STRINGS = NO;
				SWIFT_VERSION = 5.0;
				TARGETED_DEVICE_FAMILY = "1,2";
				TEST_HOST = "$(BUILT_PRODUCTS_DIR)/dev-ex-ios.app/$(BUNDLE_EXECUTABLE_FOLDER_PATH)/dev-ex-ios";
			};
			name = Debug;
		};
		960BF7552BD59D8F00407C13 /* Release */ = {
			isa = XCBuildConfiguration;
			buildSettings = {
				ALWAYS_EMBED_SWIFT_STANDARD_LIBRARIES = YES;
				BUNDLE_LOADER = "$(TEST_HOST)";
				CODE_SIGN_STYLE = Automatic;
				CURRENT_PROJECT_VERSION = 1;
				DEVELOPMENT_TEAM = 9JR855JWZY;
				GENERATE_INFOPLIST_FILE = YES;
				IPHONEOS_DEPLOYMENT_TARGET = 16.4;
				MARKETING_VERSION = 1.0;
				PRODUCT_BUNDLE_IDENTIFIER = "com.sukrit.dev-ex-iosTests";
				PRODUCT_NAME = "$(TARGET_NAME)";
				SWIFT_EMIT_LOC_STRINGS = NO;
				SWIFT_VERSION = 5.0;
				TARGETED_DEVICE_FAMILY = "1,2";
				TEST_HOST = "$(BUILT_PRODUCTS_DIR)/dev-ex-ios.app/$(BUNDLE_EXECUTABLE_FOLDER_PATH)/dev-ex-ios";
			};
			name = Release;
		};
		960BF7572BD59D8F00407C13 /* Debug */ = {
			isa = XCBuildConfiguration;
			buildSettings = {
				ALWAYS_EMBED_SWIFT_STANDARD_LIBRARIES = YES;
				CODE_SIGN_STYLE = Automatic;
				CURRENT_PROJECT_VERSION = 1;
				DEVELOPMENT_TEAM = 9JR855JWZY;
				GENERATE_INFOPLIST_FILE = YES;
				MARKETING_VERSION = 1.0;
				PRODUCT_BUNDLE_IDENTIFIER = "com.sukrit.dev-ex-iosUITests";
				PRODUCT_NAME = "$(TARGET_NAME)";
				SWIFT_EMIT_LOC_STRINGS = NO;
				SWIFT_VERSION = 5.0;
				TARGETED_DEVICE_FAMILY = "1,2";
				TEST_TARGET_NAME = "dev-ex-ios";
			};
			name = Debug;
		};
		960BF7582BD59D8F00407C13 /* Release */ = {
			isa = XCBuildConfiguration;
			buildSettings = {
				ALWAYS_EMBED_SWIFT_STANDARD_LIBRARIES = YES;
				CODE_SIGN_STYLE = Automatic;
				CURRENT_PROJECT_VERSION = 1;
				DEVELOPMENT_TEAM = 9JR855JWZY;
				GENERATE_INFOPLIST_FILE = YES;
				MARKETING_VERSION = 1.0;
				PRODUCT_BUNDLE_IDENTIFIER = "com.sukrit.dev-ex-iosUITests";
				PRODUCT_NAME = "$(TARGET_NAME)";
				SWIFT_EMIT_LOC_STRINGS = NO;
				SWIFT_VERSION = 5.0;
				TARGETED_DEVICE_FAMILY = "1,2";
				TEST_TARGET_NAME = "dev-ex-ios";
			};
			name = Release;
		};
		963BC2F12C6131DA0096A1B6 /* Debug-Dev */ = {
			isa = XCBuildConfiguration;
			baseConfigurationReference = 963BC3032C6132CD0096A1B6 /* Development.xcconfig */;
			buildSettings = {
				ALWAYS_SEARCH_USER_PATHS = NO;
				ASSETCATALOG_COMPILER_GENERATE_SWIFT_ASSET_SYMBOL_EXTENSIONS = YES;
				CLANG_ANALYZER_NONNULL = YES;
				CLANG_ANALYZER_NUMBER_OBJECT_CONVERSION = YES_AGGRESSIVE;
				CLANG_CXX_LANGUAGE_STANDARD = "gnu++20";
				CLANG_ENABLE_MODULES = YES;
				CLANG_ENABLE_OBJC_ARC = YES;
				CLANG_ENABLE_OBJC_WEAK = YES;
				CLANG_WARN_BLOCK_CAPTURE_AUTORELEASING = YES;
				CLANG_WARN_BOOL_CONVERSION = YES;
				CLANG_WARN_COMMA = YES;
				CLANG_WARN_CONSTANT_CONVERSION = YES;
				CLANG_WARN_DEPRECATED_OBJC_IMPLEMENTATIONS = YES;
				CLANG_WARN_DIRECT_OBJC_ISA_USAGE = YES_ERROR;
				CLANG_WARN_DOCUMENTATION_COMMENTS = YES;
				CLANG_WARN_EMPTY_BODY = YES;
				CLANG_WARN_ENUM_CONVERSION = YES;
				CLANG_WARN_INFINITE_RECURSION = YES;
				CLANG_WARN_INT_CONVERSION = YES;
				CLANG_WARN_NON_LITERAL_NULL_CONVERSION = YES;
				CLANG_WARN_OBJC_IMPLICIT_RETAIN_SELF = YES;
				CLANG_WARN_OBJC_LITERAL_CONVERSION = YES;
				CLANG_WARN_OBJC_ROOT_CLASS = YES_ERROR;
				CLANG_WARN_QUOTED_INCLUDE_IN_FRAMEWORK_HEADER = YES;
				CLANG_WARN_RANGE_LOOP_ANALYSIS = YES;
				CLANG_WARN_STRICT_PROTOTYPES = YES;
				CLANG_WARN_SUSPICIOUS_MOVE = YES;
				CLANG_WARN_UNGUARDED_AVAILABILITY = YES_AGGRESSIVE;
				CLANG_WARN_UNREACHABLE_CODE = YES;
				CLANG_WARN__DUPLICATE_METHOD_MATCH = YES;
				COPY_PHASE_STRIP = NO;
				DEBUG_INFORMATION_FORMAT = dwarf;
				ENABLE_STRICT_OBJC_MSGSEND = YES;
				ENABLE_TESTABILITY = YES;
				ENABLE_USER_SCRIPT_SANDBOXING = YES;
				GCC_C_LANGUAGE_STANDARD = gnu17;
				GCC_DYNAMIC_NO_PIC = NO;
				GCC_NO_COMMON_BLOCKS = YES;
				GCC_OPTIMIZATION_LEVEL = 0;
				GCC_PREPROCESSOR_DEFINITIONS = (
					"DEBUG=1",
					"$(inherited)",
				);
				GCC_WARN_64_TO_32_BIT_CONVERSION = YES;
				GCC_WARN_ABOUT_RETURN_TYPE = YES_ERROR;
				GCC_WARN_UNDECLARED_SELECTOR = YES;
				GCC_WARN_UNINITIALIZED_AUTOS = YES_AGGRESSIVE;
				GCC_WARN_UNUSED_FUNCTION = YES;
				GCC_WARN_UNUSED_VARIABLE = YES;
				INFOPLIST_FILE = "dev-ex-ios/AppInfo/Info.plist";
				INFOPLIST_KEY_LSApplicationCategoryType = "public.app-category.education";
				INFOPLIST_KEY_UILaunchStoryboardName = "";
				IPHONEOS_DEPLOYMENT_TARGET = 16.4;
				LOCALIZATION_PREFERS_STRING_CATALOGS = YES;
				MTL_ENABLE_DEBUG_INFO = INCLUDE_SOURCE;
				MTL_FAST_MATH = YES;
				ONLY_ACTIVE_ARCH = YES;
				SDKROOT = iphoneos;
				SWIFT_ACTIVE_COMPILATION_CONDITIONS = "DEBUG $(inherited)";
				SWIFT_OPTIMIZATION_LEVEL = "-Onone";
			};
			name = "Debug-Dev";
		};
		963BC2F22C6131DA0096A1B6 /* Debug-Dev */ = {
			isa = XCBuildConfiguration;
			buildSettings = {
				ASSETCATALOG_COMPILER_APPICON_NAME = AppIcon;
				ASSETCATALOG_COMPILER_GLOBAL_ACCENT_COLOR_NAME = AccentColor;
				CODE_SIGN_STYLE = Automatic;
				CURRENT_PROJECT_VERSION = 1;
				DEVELOPMENT_ASSET_PATHS = "\"dev-ex-ios/Preview Content\"";
				DEVELOPMENT_TEAM = 9JR855JWZY;
				ENABLE_PREVIEWS = YES;
				GENERATE_INFOPLIST_FILE = YES;
				INFOPLIST_FILE = "dev-ex-ios/AppInfo/Info.plist";
				INFOPLIST_KEY_LSApplicationCategoryType = "public.app-category.education";
				INFOPLIST_KEY_UIApplicationSceneManifest_Generation = YES;
				INFOPLIST_KEY_UIApplicationSupportsIndirectInputEvents = YES;
				INFOPLIST_KEY_UILaunchStoryboardName = LaunchScreen.storyboard;
				INFOPLIST_KEY_UISupportedInterfaceOrientations_iPad = "UIInterfaceOrientationPortrait UIInterfaceOrientationPortraitUpsideDown UIInterfaceOrientationLandscapeLeft UIInterfaceOrientationLandscapeRight";
				INFOPLIST_KEY_UISupportedInterfaceOrientations_iPhone = "UIInterfaceOrientationPortrait UIInterfaceOrientationLandscapeLeft UIInterfaceOrientationLandscapeRight";
				LD_RUNPATH_SEARCH_PATHS = (
					"$(inherited)",
					"@executable_path/Frameworks",
				);
				MARKETING_VERSION = 1.0;
				PRODUCT_BUNDLE_IDENTIFIER = "com.sukrit.dev-ex-ios";
				PRODUCT_NAME = "$(TARGET_NAME)";
				SWIFT_EMIT_LOC_STRINGS = YES;
				SWIFT_VERSION = 5.0;
				TARGETED_DEVICE_FAMILY = "1,2";
			};
			name = "Debug-Dev";
		};
		963BC2F32C6131DA0096A1B6 /* Debug-Dev */ = {
			isa = XCBuildConfiguration;
			buildSettings = {
				ALWAYS_EMBED_SWIFT_STANDARD_LIBRARIES = YES;
				BUNDLE_LOADER = "$(TEST_HOST)";
				CODE_SIGN_STYLE = Automatic;
				CURRENT_PROJECT_VERSION = 1;
				DEVELOPMENT_TEAM = 9JR855JWZY;
				GENERATE_INFOPLIST_FILE = YES;
				IPHONEOS_DEPLOYMENT_TARGET = 16.4;
				MARKETING_VERSION = 1.0;
				PRODUCT_BUNDLE_IDENTIFIER = "com.sukrit.dev-ex-iosTests";
				PRODUCT_NAME = "$(TARGET_NAME)";
				SWIFT_EMIT_LOC_STRINGS = NO;
				SWIFT_VERSION = 5.0;
				TARGETED_DEVICE_FAMILY = "1,2";
				TEST_HOST = "$(BUILT_PRODUCTS_DIR)/dev-ex-ios.app/$(BUNDLE_EXECUTABLE_FOLDER_PATH)/dev-ex-ios";
			};
			name = "Debug-Dev";
		};
		963BC2F42C6131DA0096A1B6 /* Debug-Dev */ = {
			isa = XCBuildConfiguration;
			buildSettings = {
				ALWAYS_EMBED_SWIFT_STANDARD_LIBRARIES = YES;
				CODE_SIGN_STYLE = Automatic;
				CURRENT_PROJECT_VERSION = 1;
				DEVELOPMENT_TEAM = 9JR855JWZY;
				GENERATE_INFOPLIST_FILE = YES;
				MARKETING_VERSION = 1.0;
				PRODUCT_BUNDLE_IDENTIFIER = "com.sukrit.dev-ex-iosUITests";
				PRODUCT_NAME = "$(TARGET_NAME)";
				SWIFT_EMIT_LOC_STRINGS = NO;
				SWIFT_VERSION = 5.0;
				TARGETED_DEVICE_FAMILY = "1,2";
				TEST_TARGET_NAME = "dev-ex-ios";
			};
			name = "Debug-Dev";
		};
		963BC2F52C6131F40096A1B6 /* Debug-UAT */ = {
			isa = XCBuildConfiguration;
			baseConfigurationReference = 963BC3042C6132EB0096A1B6 /* UAT.xcconfig */;
			buildSettings = {
				ALWAYS_SEARCH_USER_PATHS = NO;
				ASSETCATALOG_COMPILER_GENERATE_SWIFT_ASSET_SYMBOL_EXTENSIONS = YES;
				CLANG_ANALYZER_NONNULL = YES;
				CLANG_ANALYZER_NUMBER_OBJECT_CONVERSION = YES_AGGRESSIVE;
				CLANG_CXX_LANGUAGE_STANDARD = "gnu++20";
				CLANG_ENABLE_MODULES = YES;
				CLANG_ENABLE_OBJC_ARC = YES;
				CLANG_ENABLE_OBJC_WEAK = YES;
				CLANG_WARN_BLOCK_CAPTURE_AUTORELEASING = YES;
				CLANG_WARN_BOOL_CONVERSION = YES;
				CLANG_WARN_COMMA = YES;
				CLANG_WARN_CONSTANT_CONVERSION = YES;
				CLANG_WARN_DEPRECATED_OBJC_IMPLEMENTATIONS = YES;
				CLANG_WARN_DIRECT_OBJC_ISA_USAGE = YES_ERROR;
				CLANG_WARN_DOCUMENTATION_COMMENTS = YES;
				CLANG_WARN_EMPTY_BODY = YES;
				CLANG_WARN_ENUM_CONVERSION = YES;
				CLANG_WARN_INFINITE_RECURSION = YES;
				CLANG_WARN_INT_CONVERSION = YES;
				CLANG_WARN_NON_LITERAL_NULL_CONVERSION = YES;
				CLANG_WARN_OBJC_IMPLICIT_RETAIN_SELF = YES;
				CLANG_WARN_OBJC_LITERAL_CONVERSION = YES;
				CLANG_WARN_OBJC_ROOT_CLASS = YES_ERROR;
				CLANG_WARN_QUOTED_INCLUDE_IN_FRAMEWORK_HEADER = YES;
				CLANG_WARN_RANGE_LOOP_ANALYSIS = YES;
				CLANG_WARN_STRICT_PROTOTYPES = YES;
				CLANG_WARN_SUSPICIOUS_MOVE = YES;
				CLANG_WARN_UNGUARDED_AVAILABILITY = YES_AGGRESSIVE;
				CLANG_WARN_UNREACHABLE_CODE = YES;
				CLANG_WARN__DUPLICATE_METHOD_MATCH = YES;
				COPY_PHASE_STRIP = NO;
				DEBUG_INFORMATION_FORMAT = dwarf;
				ENABLE_STRICT_OBJC_MSGSEND = YES;
				ENABLE_TESTABILITY = YES;
				ENABLE_USER_SCRIPT_SANDBOXING = YES;
				GCC_C_LANGUAGE_STANDARD = gnu17;
				GCC_DYNAMIC_NO_PIC = NO;
				GCC_NO_COMMON_BLOCKS = YES;
				GCC_OPTIMIZATION_LEVEL = 0;
				GCC_PREPROCESSOR_DEFINITIONS = (
					"DEBUG=1",
					"$(inherited)",
				);
				GCC_WARN_64_TO_32_BIT_CONVERSION = YES;
				GCC_WARN_ABOUT_RETURN_TYPE = YES_ERROR;
				GCC_WARN_UNDECLARED_SELECTOR = YES;
				GCC_WARN_UNINITIALIZED_AUTOS = YES_AGGRESSIVE;
				GCC_WARN_UNUSED_FUNCTION = YES;
				GCC_WARN_UNUSED_VARIABLE = YES;
				INFOPLIST_FILE = "dev-ex-ios/AppInfo/Info.plist";
				INFOPLIST_KEY_LSApplicationCategoryType = "public.app-category.education";
				INFOPLIST_KEY_UILaunchStoryboardName = "";
				IPHONEOS_DEPLOYMENT_TARGET = 16.4;
				LOCALIZATION_PREFERS_STRING_CATALOGS = YES;
				MTL_ENABLE_DEBUG_INFO = INCLUDE_SOURCE;
				MTL_FAST_MATH = YES;
				ONLY_ACTIVE_ARCH = YES;
				SDKROOT = iphoneos;
				SWIFT_ACTIVE_COMPILATION_CONDITIONS = "DEBUG $(inherited)";
				SWIFT_OPTIMIZATION_LEVEL = "-Onone";
			};
			name = "Debug-UAT";
		};
		963BC2F62C6131F40096A1B6 /* Debug-UAT */ = {
			isa = XCBuildConfiguration;
			buildSettings = {
				ASSETCATALOG_COMPILER_APPICON_NAME = AppIcon;
				ASSETCATALOG_COMPILER_GLOBAL_ACCENT_COLOR_NAME = AccentColor;
				CODE_SIGN_STYLE = Automatic;
				CURRENT_PROJECT_VERSION = 1;
				DEVELOPMENT_ASSET_PATHS = "\"dev-ex-ios/Preview Content\"";
				DEVELOPMENT_TEAM = 9JR855JWZY;
				ENABLE_PREVIEWS = YES;
				GENERATE_INFOPLIST_FILE = YES;
				INFOPLIST_FILE = "dev-ex-ios/AppInfo/Info.plist";
				INFOPLIST_KEY_LSApplicationCategoryType = "public.app-category.education";
				INFOPLIST_KEY_UIApplicationSceneManifest_Generation = YES;
				INFOPLIST_KEY_UIApplicationSupportsIndirectInputEvents = YES;
				INFOPLIST_KEY_UILaunchStoryboardName = LaunchScreen.storyboard;
				INFOPLIST_KEY_UISupportedInterfaceOrientations_iPad = "UIInterfaceOrientationPortrait UIInterfaceOrientationPortraitUpsideDown UIInterfaceOrientationLandscapeLeft UIInterfaceOrientationLandscapeRight";
				INFOPLIST_KEY_UISupportedInterfaceOrientations_iPhone = "UIInterfaceOrientationPortrait UIInterfaceOrientationLandscapeLeft UIInterfaceOrientationLandscapeRight";
				LD_RUNPATH_SEARCH_PATHS = (
					"$(inherited)",
					"@executable_path/Frameworks",
				);
				MARKETING_VERSION = 1.0;
				PRODUCT_BUNDLE_IDENTIFIER = "com.sukrit.dev-ex-ios";
				PRODUCT_NAME = "$(TARGET_NAME)";
				SWIFT_EMIT_LOC_STRINGS = YES;
				SWIFT_VERSION = 5.0;
				TARGETED_DEVICE_FAMILY = "1,2";
			};
			name = "Debug-UAT";
		};
		963BC2F72C6131F40096A1B6 /* Debug-UAT */ = {
			isa = XCBuildConfiguration;
			buildSettings = {
				ALWAYS_EMBED_SWIFT_STANDARD_LIBRARIES = YES;
				BUNDLE_LOADER = "$(TEST_HOST)";
				CODE_SIGN_STYLE = Automatic;
				CURRENT_PROJECT_VERSION = 1;
				DEVELOPMENT_TEAM = 9JR855JWZY;
				GENERATE_INFOPLIST_FILE = YES;
				IPHONEOS_DEPLOYMENT_TARGET = 16.4;
				MARKETING_VERSION = 1.0;
				PRODUCT_BUNDLE_IDENTIFIER = "com.sukrit.dev-ex-iosTests";
				PRODUCT_NAME = "$(TARGET_NAME)";
				SWIFT_EMIT_LOC_STRINGS = NO;
				SWIFT_VERSION = 5.0;
				TARGETED_DEVICE_FAMILY = "1,2";
				TEST_HOST = "$(BUILT_PRODUCTS_DIR)/dev-ex-ios.app/$(BUNDLE_EXECUTABLE_FOLDER_PATH)/dev-ex-ios";
			};
			name = "Debug-UAT";
		};
		963BC2F82C6131F40096A1B6 /* Debug-UAT */ = {
			isa = XCBuildConfiguration;
			buildSettings = {
				ALWAYS_EMBED_SWIFT_STANDARD_LIBRARIES = YES;
				CODE_SIGN_STYLE = Automatic;
				CURRENT_PROJECT_VERSION = 1;
				DEVELOPMENT_TEAM = 9JR855JWZY;
				GENERATE_INFOPLIST_FILE = YES;
				MARKETING_VERSION = 1.0;
				PRODUCT_BUNDLE_IDENTIFIER = "com.sukrit.dev-ex-iosUITests";
				PRODUCT_NAME = "$(TARGET_NAME)";
				SWIFT_EMIT_LOC_STRINGS = NO;
				SWIFT_VERSION = 5.0;
				TARGETED_DEVICE_FAMILY = "1,2";
				TEST_TARGET_NAME = "dev-ex-ios";
			};
			name = "Debug-UAT";
		};
		963BC2F92C61321B0096A1B6 /* Release-Dev */ = {
			isa = XCBuildConfiguration;
			baseConfigurationReference = 963BC3032C6132CD0096A1B6 /* Development.xcconfig */;
			buildSettings = {
				ALWAYS_SEARCH_USER_PATHS = NO;
				ASSETCATALOG_COMPILER_GENERATE_SWIFT_ASSET_SYMBOL_EXTENSIONS = YES;
				CLANG_ANALYZER_NONNULL = YES;
				CLANG_ANALYZER_NUMBER_OBJECT_CONVERSION = YES_AGGRESSIVE;
				CLANG_CXX_LANGUAGE_STANDARD = "gnu++20";
				CLANG_ENABLE_MODULES = YES;
				CLANG_ENABLE_OBJC_ARC = YES;
				CLANG_ENABLE_OBJC_WEAK = YES;
				CLANG_WARN_BLOCK_CAPTURE_AUTORELEASING = YES;
				CLANG_WARN_BOOL_CONVERSION = YES;
				CLANG_WARN_COMMA = YES;
				CLANG_WARN_CONSTANT_CONVERSION = YES;
				CLANG_WARN_DEPRECATED_OBJC_IMPLEMENTATIONS = YES;
				CLANG_WARN_DIRECT_OBJC_ISA_USAGE = YES_ERROR;
				CLANG_WARN_DOCUMENTATION_COMMENTS = YES;
				CLANG_WARN_EMPTY_BODY = YES;
				CLANG_WARN_ENUM_CONVERSION = YES;
				CLANG_WARN_INFINITE_RECURSION = YES;
				CLANG_WARN_INT_CONVERSION = YES;
				CLANG_WARN_NON_LITERAL_NULL_CONVERSION = YES;
				CLANG_WARN_OBJC_IMPLICIT_RETAIN_SELF = YES;
				CLANG_WARN_OBJC_LITERAL_CONVERSION = YES;
				CLANG_WARN_OBJC_ROOT_CLASS = YES_ERROR;
				CLANG_WARN_QUOTED_INCLUDE_IN_FRAMEWORK_HEADER = YES;
				CLANG_WARN_RANGE_LOOP_ANALYSIS = YES;
				CLANG_WARN_STRICT_PROTOTYPES = YES;
				CLANG_WARN_SUSPICIOUS_MOVE = YES;
				CLANG_WARN_UNGUARDED_AVAILABILITY = YES_AGGRESSIVE;
				CLANG_WARN_UNREACHABLE_CODE = YES;
				CLANG_WARN__DUPLICATE_METHOD_MATCH = YES;
				COPY_PHASE_STRIP = NO;
				DEBUG_INFORMATION_FORMAT = "dwarf-with-dsym";
				ENABLE_NS_ASSERTIONS = NO;
				ENABLE_STRICT_OBJC_MSGSEND = YES;
				ENABLE_USER_SCRIPT_SANDBOXING = YES;
				GCC_C_LANGUAGE_STANDARD = gnu17;
				GCC_NO_COMMON_BLOCKS = YES;
				GCC_WARN_64_TO_32_BIT_CONVERSION = YES;
				GCC_WARN_ABOUT_RETURN_TYPE = YES_ERROR;
				GCC_WARN_UNDECLARED_SELECTOR = YES;
				GCC_WARN_UNINITIALIZED_AUTOS = YES_AGGRESSIVE;
				GCC_WARN_UNUSED_FUNCTION = YES;
				GCC_WARN_UNUSED_VARIABLE = YES;
				INFOPLIST_FILE = "dev-ex-ios/AppInfo/Info.plist";
				INFOPLIST_KEY_LSApplicationCategoryType = "public.app-category.education";
				INFOPLIST_KEY_UILaunchStoryboardName = "";
				IPHONEOS_DEPLOYMENT_TARGET = 16.4;
				LOCALIZATION_PREFERS_STRING_CATALOGS = YES;
				MTL_ENABLE_DEBUG_INFO = NO;
				MTL_FAST_MATH = YES;
				SDKROOT = iphoneos;
				SWIFT_COMPILATION_MODE = wholemodule;
				VALIDATE_PRODUCT = YES;
			};
			name = "Release-Dev";
		};
		963BC2FA2C61321B0096A1B6 /* Release-Dev */ = {
			isa = XCBuildConfiguration;
			buildSettings = {
				ASSETCATALOG_COMPILER_APPICON_NAME = AppIcon;
				ASSETCATALOG_COMPILER_GLOBAL_ACCENT_COLOR_NAME = AccentColor;
				CODE_SIGN_STYLE = Automatic;
				CURRENT_PROJECT_VERSION = 1;
				DEVELOPMENT_ASSET_PATHS = "\"dev-ex-ios/Preview Content\"";
				DEVELOPMENT_TEAM = 9JR855JWZY;
				ENABLE_PREVIEWS = YES;
				GENERATE_INFOPLIST_FILE = YES;
				INFOPLIST_FILE = "dev-ex-ios/AppInfo/Info.plist";
				INFOPLIST_KEY_LSApplicationCategoryType = "public.app-category.education";
				INFOPLIST_KEY_UIApplicationSceneManifest_Generation = YES;
				INFOPLIST_KEY_UIApplicationSupportsIndirectInputEvents = YES;
				INFOPLIST_KEY_UILaunchStoryboardName = LaunchScreen.storyboard;
				INFOPLIST_KEY_UISupportedInterfaceOrientations_iPad = "UIInterfaceOrientationPortrait UIInterfaceOrientationPortraitUpsideDown UIInterfaceOrientationLandscapeLeft UIInterfaceOrientationLandscapeRight";
				INFOPLIST_KEY_UISupportedInterfaceOrientations_iPhone = "UIInterfaceOrientationPortrait UIInterfaceOrientationLandscapeLeft UIInterfaceOrientationLandscapeRight";
				LD_RUNPATH_SEARCH_PATHS = (
					"$(inherited)",
					"@executable_path/Frameworks",
				);
				MARKETING_VERSION = 1.0;
				PRODUCT_BUNDLE_IDENTIFIER = "com.sukrit.dev-ex-ios";
				PRODUCT_NAME = "$(TARGET_NAME)";
				SWIFT_EMIT_LOC_STRINGS = YES;
				SWIFT_VERSION = 5.0;
				TARGETED_DEVICE_FAMILY = "1,2";
			};
			name = "Release-Dev";
		};
		963BC2FB2C61321B0096A1B6 /* Release-Dev */ = {
			isa = XCBuildConfiguration;
			buildSettings = {
				ALWAYS_EMBED_SWIFT_STANDARD_LIBRARIES = YES;
				BUNDLE_LOADER = "$(TEST_HOST)";
				CODE_SIGN_STYLE = Automatic;
				CURRENT_PROJECT_VERSION = 1;
				DEVELOPMENT_TEAM = 9JR855JWZY;
				GENERATE_INFOPLIST_FILE = YES;
				IPHONEOS_DEPLOYMENT_TARGET = 16.4;
				MARKETING_VERSION = 1.0;
				PRODUCT_BUNDLE_IDENTIFIER = "com.sukrit.dev-ex-iosTests";
				PRODUCT_NAME = "$(TARGET_NAME)";
				SWIFT_EMIT_LOC_STRINGS = NO;
				SWIFT_VERSION = 5.0;
				TARGETED_DEVICE_FAMILY = "1,2";
				TEST_HOST = "$(BUILT_PRODUCTS_DIR)/dev-ex-ios.app/$(BUNDLE_EXECUTABLE_FOLDER_PATH)/dev-ex-ios";
			};
			name = "Release-Dev";
		};
		963BC2FC2C61321B0096A1B6 /* Release-Dev */ = {
			isa = XCBuildConfiguration;
			buildSettings = {
				ALWAYS_EMBED_SWIFT_STANDARD_LIBRARIES = YES;
				CODE_SIGN_STYLE = Automatic;
				CURRENT_PROJECT_VERSION = 1;
				DEVELOPMENT_TEAM = 9JR855JWZY;
				GENERATE_INFOPLIST_FILE = YES;
				MARKETING_VERSION = 1.0;
				PRODUCT_BUNDLE_IDENTIFIER = "com.sukrit.dev-ex-iosUITests";
				PRODUCT_NAME = "$(TARGET_NAME)";
				SWIFT_EMIT_LOC_STRINGS = NO;
				SWIFT_VERSION = 5.0;
				TARGETED_DEVICE_FAMILY = "1,2";
				TEST_TARGET_NAME = "dev-ex-ios";
			};
			name = "Release-Dev";
		};
		963BC2FD2C6132240096A1B6 /* Release-UAT */ = {
			isa = XCBuildConfiguration;
			baseConfigurationReference = 963BC3042C6132EB0096A1B6 /* UAT.xcconfig */;
			buildSettings = {
				ALWAYS_SEARCH_USER_PATHS = NO;
				ASSETCATALOG_COMPILER_GENERATE_SWIFT_ASSET_SYMBOL_EXTENSIONS = YES;
				CLANG_ANALYZER_NONNULL = YES;
				CLANG_ANALYZER_NUMBER_OBJECT_CONVERSION = YES_AGGRESSIVE;
				CLANG_CXX_LANGUAGE_STANDARD = "gnu++20";
				CLANG_ENABLE_MODULES = YES;
				CLANG_ENABLE_OBJC_ARC = YES;
				CLANG_ENABLE_OBJC_WEAK = YES;
				CLANG_WARN_BLOCK_CAPTURE_AUTORELEASING = YES;
				CLANG_WARN_BOOL_CONVERSION = YES;
				CLANG_WARN_COMMA = YES;
				CLANG_WARN_CONSTANT_CONVERSION = YES;
				CLANG_WARN_DEPRECATED_OBJC_IMPLEMENTATIONS = YES;
				CLANG_WARN_DIRECT_OBJC_ISA_USAGE = YES_ERROR;
				CLANG_WARN_DOCUMENTATION_COMMENTS = YES;
				CLANG_WARN_EMPTY_BODY = YES;
				CLANG_WARN_ENUM_CONVERSION = YES;
				CLANG_WARN_INFINITE_RECURSION = YES;
				CLANG_WARN_INT_CONVERSION = YES;
				CLANG_WARN_NON_LITERAL_NULL_CONVERSION = YES;
				CLANG_WARN_OBJC_IMPLICIT_RETAIN_SELF = YES;
				CLANG_WARN_OBJC_LITERAL_CONVERSION = YES;
				CLANG_WARN_OBJC_ROOT_CLASS = YES_ERROR;
				CLANG_WARN_QUOTED_INCLUDE_IN_FRAMEWORK_HEADER = YES;
				CLANG_WARN_RANGE_LOOP_ANALYSIS = YES;
				CLANG_WARN_STRICT_PROTOTYPES = YES;
				CLANG_WARN_SUSPICIOUS_MOVE = YES;
				CLANG_WARN_UNGUARDED_AVAILABILITY = YES_AGGRESSIVE;
				CLANG_WARN_UNREACHABLE_CODE = YES;
				CLANG_WARN__DUPLICATE_METHOD_MATCH = YES;
				COPY_PHASE_STRIP = NO;
				DEBUG_INFORMATION_FORMAT = "dwarf-with-dsym";
				ENABLE_NS_ASSERTIONS = NO;
				ENABLE_STRICT_OBJC_MSGSEND = YES;
				ENABLE_USER_SCRIPT_SANDBOXING = YES;
				GCC_C_LANGUAGE_STANDARD = gnu17;
				GCC_NO_COMMON_BLOCKS = YES;
				GCC_WARN_64_TO_32_BIT_CONVERSION = YES;
				GCC_WARN_ABOUT_RETURN_TYPE = YES_ERROR;
				GCC_WARN_UNDECLARED_SELECTOR = YES;
				GCC_WARN_UNINITIALIZED_AUTOS = YES_AGGRESSIVE;
				GCC_WARN_UNUSED_FUNCTION = YES;
				GCC_WARN_UNUSED_VARIABLE = YES;
				INFOPLIST_FILE = "dev-ex-ios/AppInfo/Info.plist";
				INFOPLIST_KEY_LSApplicationCategoryType = "public.app-category.education";
				INFOPLIST_KEY_UILaunchStoryboardName = "";
				IPHONEOS_DEPLOYMENT_TARGET = 16.4;
				LOCALIZATION_PREFERS_STRING_CATALOGS = YES;
				MTL_ENABLE_DEBUG_INFO = NO;
				MTL_FAST_MATH = YES;
				SDKROOT = iphoneos;
				SWIFT_COMPILATION_MODE = wholemodule;
				VALIDATE_PRODUCT = YES;
			};
			name = "Release-UAT";
		};
		963BC2FE2C6132240096A1B6 /* Release-UAT */ = {
			isa = XCBuildConfiguration;
			buildSettings = {
				ASSETCATALOG_COMPILER_APPICON_NAME = AppIcon;
				ASSETCATALOG_COMPILER_GLOBAL_ACCENT_COLOR_NAME = AccentColor;
				CODE_SIGN_STYLE = Automatic;
				CURRENT_PROJECT_VERSION = 1;
				DEVELOPMENT_ASSET_PATHS = "\"dev-ex-ios/Preview Content\"";
				DEVELOPMENT_TEAM = 9JR855JWZY;
				ENABLE_PREVIEWS = YES;
				GENERATE_INFOPLIST_FILE = YES;
				INFOPLIST_FILE = "dev-ex-ios/AppInfo/Info.plist";
				INFOPLIST_KEY_LSApplicationCategoryType = "public.app-category.education";
				INFOPLIST_KEY_UIApplicationSceneManifest_Generation = YES;
				INFOPLIST_KEY_UIApplicationSupportsIndirectInputEvents = YES;
				INFOPLIST_KEY_UILaunchStoryboardName = LaunchScreen.storyboard;
				INFOPLIST_KEY_UISupportedInterfaceOrientations_iPad = "UIInterfaceOrientationPortrait UIInterfaceOrientationPortraitUpsideDown UIInterfaceOrientationLandscapeLeft UIInterfaceOrientationLandscapeRight";
				INFOPLIST_KEY_UISupportedInterfaceOrientations_iPhone = "UIInterfaceOrientationPortrait UIInterfaceOrientationLandscapeLeft UIInterfaceOrientationLandscapeRight";
				LD_RUNPATH_SEARCH_PATHS = (
					"$(inherited)",
					"@executable_path/Frameworks",
				);
				MARKETING_VERSION = 1.0;
				PRODUCT_BUNDLE_IDENTIFIER = "com.sukrit.dev-ex-ios";
				PRODUCT_NAME = "$(TARGET_NAME)";
				SWIFT_EMIT_LOC_STRINGS = YES;
				SWIFT_VERSION = 5.0;
				TARGETED_DEVICE_FAMILY = "1,2";
			};
			name = "Release-UAT";
		};
		963BC2FF2C6132240096A1B6 /* Release-UAT */ = {
			isa = XCBuildConfiguration;
			buildSettings = {
				ALWAYS_EMBED_SWIFT_STANDARD_LIBRARIES = YES;
				BUNDLE_LOADER = "$(TEST_HOST)";
				CODE_SIGN_STYLE = Automatic;
				CURRENT_PROJECT_VERSION = 1;
				DEVELOPMENT_TEAM = 9JR855JWZY;
				GENERATE_INFOPLIST_FILE = YES;
				IPHONEOS_DEPLOYMENT_TARGET = 16.4;
				MARKETING_VERSION = 1.0;
				PRODUCT_BUNDLE_IDENTIFIER = "com.sukrit.dev-ex-iosTests";
				PRODUCT_NAME = "$(TARGET_NAME)";
				SWIFT_EMIT_LOC_STRINGS = NO;
				SWIFT_VERSION = 5.0;
				TARGETED_DEVICE_FAMILY = "1,2";
				TEST_HOST = "$(BUILT_PRODUCTS_DIR)/dev-ex-ios.app/$(BUNDLE_EXECUTABLE_FOLDER_PATH)/dev-ex-ios";
			};
			name = "Release-UAT";
		};
		963BC3002C6132240096A1B6 /* Release-UAT */ = {
			isa = XCBuildConfiguration;
			buildSettings = {
				ALWAYS_EMBED_SWIFT_STANDARD_LIBRARIES = YES;
				CODE_SIGN_STYLE = Automatic;
				CURRENT_PROJECT_VERSION = 1;
				DEVELOPMENT_TEAM = 9JR855JWZY;
				GENERATE_INFOPLIST_FILE = YES;
				MARKETING_VERSION = 1.0;
				PRODUCT_BUNDLE_IDENTIFIER = "com.sukrit.dev-ex-iosUITests";
				PRODUCT_NAME = "$(TARGET_NAME)";
				SWIFT_EMIT_LOC_STRINGS = NO;
				SWIFT_VERSION = 5.0;
				TARGETED_DEVICE_FAMILY = "1,2";
				TEST_TARGET_NAME = "dev-ex-ios";
			};
			name = "Release-UAT";
		};
/* End XCBuildConfiguration section */

/* Begin XCConfigurationList section */
		960BF7252BD59D8D00407C13 /* Build configuration list for PBXProject "dev-ex-ios" */ = {
			isa = XCConfigurationList;
			buildConfigurations = (
				960BF74E2BD59D8F00407C13 /* Debug */,
				963BC2F52C6131F40096A1B6 /* Debug-UAT */,
				963BC2F12C6131DA0096A1B6 /* Debug-Dev */,
				960BF74F2BD59D8F00407C13 /* Release */,
				963BC2FD2C6132240096A1B6 /* Release-UAT */,
				963BC2F92C61321B0096A1B6 /* Release-Dev */,
			);
			defaultConfigurationIsVisible = 0;
			defaultConfigurationName = Release;
		};
		960BF7502BD59D8F00407C13 /* Build configuration list for PBXNativeTarget "dev-ex-ios" */ = {
			isa = XCConfigurationList;
			buildConfigurations = (
				960BF7512BD59D8F00407C13 /* Debug */,
				963BC2F62C6131F40096A1B6 /* Debug-UAT */,
				963BC2F22C6131DA0096A1B6 /* Debug-Dev */,
				960BF7522BD59D8F00407C13 /* Release */,
				963BC2FE2C6132240096A1B6 /* Release-UAT */,
				963BC2FA2C61321B0096A1B6 /* Release-Dev */,
			);
			defaultConfigurationIsVisible = 0;
			defaultConfigurationName = Release;
		};
		960BF7532BD59D8F00407C13 /* Build configuration list for PBXNativeTarget "dev-ex-iosTests" */ = {
			isa = XCConfigurationList;
			buildConfigurations = (
				960BF7542BD59D8F00407C13 /* Debug */,
				963BC2F72C6131F40096A1B6 /* Debug-UAT */,
				963BC2F32C6131DA0096A1B6 /* Debug-Dev */,
				960BF7552BD59D8F00407C13 /* Release */,
				963BC2FF2C6132240096A1B6 /* Release-UAT */,
				963BC2FB2C61321B0096A1B6 /* Release-Dev */,
			);
			defaultConfigurationIsVisible = 0;
			defaultConfigurationName = Release;
		};
		960BF7562BD59D8F00407C13 /* Build configuration list for PBXNativeTarget "dev-ex-iosUITests" */ = {
			isa = XCConfigurationList;
			buildConfigurations = (
				960BF7572BD59D8F00407C13 /* Debug */,
				963BC2F82C6131F40096A1B6 /* Debug-UAT */,
				963BC2F42C6131DA0096A1B6 /* Debug-Dev */,
				960BF7582BD59D8F00407C13 /* Release */,
				963BC3002C6132240096A1B6 /* Release-UAT */,
				963BC2FC2C61321B0096A1B6 /* Release-Dev */,
			);
			defaultConfigurationIsVisible = 0;
			defaultConfigurationName = Release;
		};
/* End XCConfigurationList section */

/* Begin XCRemoteSwiftPackageReference section */
		96426F952C7F8CBD0000CBE1 /* XCRemoteSwiftPackageReference "Swinject" */ = {
			isa = XCRemoteSwiftPackageReference;
			repositoryURL = "https://github.com/Swinject/Swinject.git";
			requirement = {
				kind = upToNextMajorVersion;
				minimumVersion = 2.9.1;
			};
		};
/* End XCRemoteSwiftPackageReference section */

/* Begin XCSwiftPackageProductDependency section */
		96426F962C7F8CBD0000CBE1 /* Swinject */ = {
			isa = XCSwiftPackageProductDependency;
			package = 96426F952C7F8CBD0000CBE1 /* XCRemoteSwiftPackageReference "Swinject" */;
			productName = Swinject;
		};
/* End XCSwiftPackageProductDependency section */
	};
	rootObject = 960BF7222BD59D8D00407C13 /* Project object */;
}
